
Microsoft Visual Studio Solution File, Format Version 12.00
# Visual Studio 14
VisualStudioVersion = 14.0.25420.1
MinimumVisualStudioVersion = 10.0.40219.1
Project("{FAE04EC0-301F-11D3-BF4B-00C04F79EFBC}") = "XamarinTDDemo.Babysitter", "XamarinTDDemo.Babysitter\XamarinTDDemo.Babysitter.csproj", "{67F9D3A8-F71E-4428-913F-C37AE82CDB24}"
EndProject
Project("{FAE04EC0-301F-11D3-BF4B-00C04F79EFBC}") = "XamarinTDDemo.Babysitter.Tests", "XamarinTDDemo.Babysitter.Tests\XamarinTDDemo.Babysitter.Tests.csproj", "{3DDEB829-E17E-41D6-9FC7-2BABFE88C7C3}"
EndProject
Project("{FAE04EC0-301F-11D3-BF4B-00C04F79EFBC}") = "XamarinTDDemo.CLI", "XamarinTDDemo.CLI\XamarinTDDemo.CLI.csproj", "{028871E1-B19B-4327-AF98-2FDA7C718C09}"
EndProject
Project("{2150E333-8FDC-42A3-9474-1A3956D46DE8}") = "Native", "Native", "{1F01B910-FBA7-45B6-8A17-16C441F15DF2}"
EndProject
Project("{FAE04EC0-301F-11D3-BF4B-00C04F79EFBC}") = "XamarinTDDemo.Native.UI.Droid", "XamarinTDDemo.Native.UI\XamarinTDDemo.Native.UI.Droid\XamarinTDDemo.Native.UI.Droid.csproj", "{CDB1E36B-88EC-40E3-B7AC-0238FBF41A6E}"
EndProject
Project("{FAE04EC0-301F-11D3-BF4B-00C04F79EFBC}") = "XamarinTDDemo.Native.UI.iOS", "XamarinTDDemo.Native.UI\XamarinTDDemo.Native.UI.iOS\XamarinTDDemo.Native.UI.iOS.csproj", "{E62E96A9-279A-4A6E-A4B7-2ACD9EC4AB70}"
EndProject
Project("{FAE04EC0-301F-11D3-BF4B-00C04F79EFBC}") = "XamarinTDDemo.Native.UI.WinPhone", "XamarinTDDemo.Native.UI\XamarinTDDemo.Native.UI.WinPhone\XamarinTDDemo.Native.UI.WinPhone.csproj", "{C8D83AC6-C175-4B89-97E5-692652678CB4}"
EndProject
Project("{FAE04EC0-301F-11D3-BF4B-00C04F79EFBC}") = "XamarinTDDemo.Common", "XamarinTDDemo.Common\XamarinTDDemo.Common.csproj", "{D7CD2146-6494-4F80-8F58-33D7F2DAB8F7}"
EndProject
Global
	GlobalSection(SolutionConfigurationPlatforms) = preSolution
		Ad-Hoc|Any CPU = Ad-Hoc|Any CPU
		Ad-Hoc|ARM = Ad-Hoc|ARM
		Ad-Hoc|iPhone = Ad-Hoc|iPhone
		Ad-Hoc|iPhoneSimulator = Ad-Hoc|iPhoneSimulator
		Ad-Hoc|x64 = Ad-Hoc|x64
		Ad-Hoc|x86 = Ad-Hoc|x86
		AppStore|Any CPU = AppStore|Any CPU
		AppStore|ARM = AppStore|ARM
		AppStore|iPhone = AppStore|iPhone
		AppStore|iPhoneSimulator = AppStore|iPhoneSimulator
		AppStore|x64 = AppStore|x64
		AppStore|x86 = AppStore|x86
		Debug|Any CPU = Debug|Any CPU
		Debug|ARM = Debug|ARM
		Debug|iPhone = Debug|iPhone
		Debug|iPhoneSimulator = Debug|iPhoneSimulator
		Debug|x64 = Debug|x64
		Debug|x86 = Debug|x86
		Release|Any CPU = Release|Any CPU
		Release|ARM = Release|ARM
		Release|iPhone = Release|iPhone
		Release|iPhoneSimulator = Release|iPhoneSimulator
		Release|x64 = Release|x64
		Release|x86 = Release|x86
	EndGlobalSection
	GlobalSection(ProjectConfigurationPlatforms) = postSolution
		{67F9D3A8-F71E-4428-913F-C37AE82CDB24}.Ad-Hoc|Any CPU.ActiveCfg = Release|Any CPU
		{67F9D3A8-F71E-4428-913F-C37AE82CDB24}.Ad-Hoc|Any CPU.Build.0 = Release|Any CPU
		{67F9D3A8-F71E-4428-913F-C37AE82CDB24}.Ad-Hoc|ARM.ActiveCfg = Release|Any CPU
		{67F9D3A8-F71E-4428-913F-C37AE82CDB24}.Ad-Hoc|ARM.Build.0 = Release|Any CPU
		{67F9D3A8-F71E-4428-913F-C37AE82CDB24}.Ad-Hoc|iPhone.ActiveCfg = Release|Any CPU
		{67F9D3A8-F71E-4428-913F-C37AE82CDB24}.Ad-Hoc|iPhone.Build.0 = Release|Any CPU
		{67F9D3A8-F71E-4428-913F-C37AE82CDB24}.Ad-Hoc|iPhoneSimulator.ActiveCfg = Release|Any CPU
		{67F9D3A8-F71E-4428-913F-C37AE82CDB24}.Ad-Hoc|iPhoneSimulator.Build.0 = Release|Any CPU
		{67F9D3A8-F71E-4428-913F-C37AE82CDB24}.Ad-Hoc|x64.ActiveCfg = Release|Any CPU
		{67F9D3A8-F71E-4428-913F-C37AE82CDB24}.Ad-Hoc|x64.Build.0 = Release|Any CPU
		{67F9D3A8-F71E-4428-913F-C37AE82CDB24}.Ad-Hoc|x86.ActiveCfg = Release|Any CPU
		{67F9D3A8-F71E-4428-913F-C37AE82CDB24}.Ad-Hoc|x86.Build.0 = Release|Any CPU
		{67F9D3A8-F71E-4428-913F-C37AE82CDB24}.AppStore|Any CPU.ActiveCfg = Release|Any CPU
		{67F9D3A8-F71E-4428-913F-C37AE82CDB24}.AppStore|Any CPU.Build.0 = Release|Any CPU
		{67F9D3A8-F71E-4428-913F-C37AE82CDB24}.AppStore|ARM.ActiveCfg = Release|Any CPU
		{67F9D3A8-F71E-4428-913F-C37AE82CDB24}.AppStore|ARM.Build.0 = Release|Any CPU
		{67F9D3A8-F71E-4428-913F-C37AE82CDB24}.AppStore|iPhone.ActiveCfg = Release|Any CPU
		{67F9D3A8-F71E-4428-913F-C37AE82CDB24}.AppStore|iPhone.Build.0 = Release|Any CPU
		{67F9D3A8-F71E-4428-913F-C37AE82CDB24}.AppStore|iPhoneSimulator.ActiveCfg = Release|Any CPU
		{67F9D3A8-F71E-4428-913F-C37AE82CDB24}.AppStore|iPhoneSimulator.Build.0 = Release|Any CPU
		{67F9D3A8-F71E-4428-913F-C37AE82CDB24}.AppStore|x64.ActiveCfg = Release|Any CPU
		{67F9D3A8-F71E-4428-913F-C37AE82CDB24}.AppStore|x64.Build.0 = Release|Any CPU
		{67F9D3A8-F71E-4428-913F-C37AE82CDB24}.AppStore|x86.ActiveCfg = Release|Any CPU
		{67F9D3A8-F71E-4428-913F-C37AE82CDB24}.AppStore|x86.Build.0 = Release|Any CPU
		{67F9D3A8-F71E-4428-913F-C37AE82CDB24}.Debug|Any CPU.ActiveCfg = Debug|Any CPU
		{67F9D3A8-F71E-4428-913F-C37AE82CDB24}.Debug|Any CPU.Build.0 = Debug|Any CPU
		{67F9D3A8-F71E-4428-913F-C37AE82CDB24}.Debug|ARM.ActiveCfg = Debug|Any CPU
		{67F9D3A8-F71E-4428-913F-C37AE82CDB24}.Debug|ARM.Build.0 = Debug|Any CPU
		{67F9D3A8-F71E-4428-913F-C37AE82CDB24}.Debug|iPhone.ActiveCfg = Debug|Any CPU
		{67F9D3A8-F71E-4428-913F-C37AE82CDB24}.Debug|iPhone.Build.0 = Debug|Any CPU
		{67F9D3A8-F71E-4428-913F-C37AE82CDB24}.Debug|iPhoneSimulator.ActiveCfg = Debug|Any CPU
		{67F9D3A8-F71E-4428-913F-C37AE82CDB24}.Debug|iPhoneSimulator.Build.0 = Debug|Any CPU
		{67F9D3A8-F71E-4428-913F-C37AE82CDB24}.Debug|x64.ActiveCfg = Debug|Any CPU
		{67F9D3A8-F71E-4428-913F-C37AE82CDB24}.Debug|x64.Build.0 = Debug|Any CPU
		{67F9D3A8-F71E-4428-913F-C37AE82CDB24}.Debug|x86.ActiveCfg = Debug|Any CPU
		{67F9D3A8-F71E-4428-913F-C37AE82CDB24}.Debug|x86.Build.0 = Debug|Any CPU
		{67F9D3A8-F71E-4428-913F-C37AE82CDB24}.Release|Any CPU.ActiveCfg = Release|Any CPU
		{67F9D3A8-F71E-4428-913F-C37AE82CDB24}.Release|Any CPU.Build.0 = Release|Any CPU
		{67F9D3A8-F71E-4428-913F-C37AE82CDB24}.Release|ARM.ActiveCfg = Release|Any CPU
		{67F9D3A8-F71E-4428-913F-C37AE82CDB24}.Release|ARM.Build.0 = Release|Any CPU
		{67F9D3A8-F71E-4428-913F-C37AE82CDB24}.Release|iPhone.ActiveCfg = Release|Any CPU
		{67F9D3A8-F71E-4428-913F-C37AE82CDB24}.Release|iPhone.Build.0 = Release|Any CPU
		{67F9D3A8-F71E-4428-913F-C37AE82CDB24}.Release|iPhoneSimulator.ActiveCfg = Release|Any CPU
		{67F9D3A8-F71E-4428-913F-C37AE82CDB24}.Release|iPhoneSimulator.Build.0 = Release|Any CPU
		{67F9D3A8-F71E-4428-913F-C37AE82CDB24}.Release|x64.ActiveCfg = Release|Any CPU
		{67F9D3A8-F71E-4428-913F-C37AE82CDB24}.Release|x64.Build.0 = Release|Any CPU
		{67F9D3A8-F71E-4428-913F-C37AE82CDB24}.Release|x86.ActiveCfg = Release|Any CPU
		{67F9D3A8-F71E-4428-913F-C37AE82CDB24}.Release|x86.Build.0 = Release|Any CPU
		{3DDEB829-E17E-41D6-9FC7-2BABFE88C7C3}.Ad-Hoc|Any CPU.ActiveCfg = Release|Any CPU
		{3DDEB829-E17E-41D6-9FC7-2BABFE88C7C3}.Ad-Hoc|Any CPU.Build.0 = Release|Any CPU
		{3DDEB829-E17E-41D6-9FC7-2BABFE88C7C3}.Ad-Hoc|ARM.ActiveCfg = Release|Any CPU
		{3DDEB829-E17E-41D6-9FC7-2BABFE88C7C3}.Ad-Hoc|ARM.Build.0 = Release|Any CPU
		{3DDEB829-E17E-41D6-9FC7-2BABFE88C7C3}.Ad-Hoc|iPhone.ActiveCfg = Release|Any CPU
		{3DDEB829-E17E-41D6-9FC7-2BABFE88C7C3}.Ad-Hoc|iPhone.Build.0 = Release|Any CPU
		{3DDEB829-E17E-41D6-9FC7-2BABFE88C7C3}.Ad-Hoc|iPhoneSimulator.ActiveCfg = Release|Any CPU
		{3DDEB829-E17E-41D6-9FC7-2BABFE88C7C3}.Ad-Hoc|iPhoneSimulator.Build.0 = Release|Any CPU
		{3DDEB829-E17E-41D6-9FC7-2BABFE88C7C3}.Ad-Hoc|x64.ActiveCfg = Release|Any CPU
		{3DDEB829-E17E-41D6-9FC7-2BABFE88C7C3}.Ad-Hoc|x64.Build.0 = Release|Any CPU
		{3DDEB829-E17E-41D6-9FC7-2BABFE88C7C3}.Ad-Hoc|x86.ActiveCfg = Release|Any CPU
		{3DDEB829-E17E-41D6-9FC7-2BABFE88C7C3}.Ad-Hoc|x86.Build.0 = Release|Any CPU
		{3DDEB829-E17E-41D6-9FC7-2BABFE88C7C3}.AppStore|Any CPU.ActiveCfg = Release|Any CPU
		{3DDEB829-E17E-41D6-9FC7-2BABFE88C7C3}.AppStore|Any CPU.Build.0 = Release|Any CPU
		{3DDEB829-E17E-41D6-9FC7-2BABFE88C7C3}.AppStore|ARM.ActiveCfg = Release|Any CPU
		{3DDEB829-E17E-41D6-9FC7-2BABFE88C7C3}.AppStore|ARM.Build.0 = Release|Any CPU
		{3DDEB829-E17E-41D6-9FC7-2BABFE88C7C3}.AppStore|iPhone.ActiveCfg = Release|Any CPU
		{3DDEB829-E17E-41D6-9FC7-2BABFE88C7C3}.AppStore|iPhone.Build.0 = Release|Any CPU
		{3DDEB829-E17E-41D6-9FC7-2BABFE88C7C3}.AppStore|iPhoneSimulator.ActiveCfg = Release|Any CPU
		{3DDEB829-E17E-41D6-9FC7-2BABFE88C7C3}.AppStore|iPhoneSimulator.Build.0 = Release|Any CPU
		{3DDEB829-E17E-41D6-9FC7-2BABFE88C7C3}.AppStore|x64.ActiveCfg = Release|Any CPU
		{3DDEB829-E17E-41D6-9FC7-2BABFE88C7C3}.AppStore|x64.Build.0 = Release|Any CPU
		{3DDEB829-E17E-41D6-9FC7-2BABFE88C7C3}.AppStore|x86.ActiveCfg = Release|Any CPU
		{3DDEB829-E17E-41D6-9FC7-2BABFE88C7C3}.AppStore|x86.Build.0 = Release|Any CPU
		{3DDEB829-E17E-41D6-9FC7-2BABFE88C7C3}.Debug|Any CPU.ActiveCfg = Debug|Any CPU
		{3DDEB829-E17E-41D6-9FC7-2BABFE88C7C3}.Debug|Any CPU.Build.0 = Debug|Any CPU
		{3DDEB829-E17E-41D6-9FC7-2BABFE88C7C3}.Debug|ARM.ActiveCfg = Debug|Any CPU
		{3DDEB829-E17E-41D6-9FC7-2BABFE88C7C3}.Debug|ARM.Build.0 = Debug|Any CPU
		{3DDEB829-E17E-41D6-9FC7-2BABFE88C7C3}.Debug|iPhone.ActiveCfg = Debug|Any CPU
		{3DDEB829-E17E-41D6-9FC7-2BABFE88C7C3}.Debug|iPhone.Build.0 = Debug|Any CPU
		{3DDEB829-E17E-41D6-9FC7-2BABFE88C7C3}.Debug|iPhoneSimulator.ActiveCfg = Debug|Any CPU
		{3DDEB829-E17E-41D6-9FC7-2BABFE88C7C3}.Debug|iPhoneSimulator.Build.0 = Debug|Any CPU
		{3DDEB829-E17E-41D6-9FC7-2BABFE88C7C3}.Debug|x64.ActiveCfg = Debug|Any CPU
		{3DDEB829-E17E-41D6-9FC7-2BABFE88C7C3}.Debug|x64.Build.0 = Debug|Any CPU
		{3DDEB829-E17E-41D6-9FC7-2BABFE88C7C3}.Debug|x86.ActiveCfg = Debug|Any CPU
		{3DDEB829-E17E-41D6-9FC7-2BABFE88C7C3}.Debug|x86.Build.0 = Debug|Any CPU
		{3DDEB829-E17E-41D6-9FC7-2BABFE88C7C3}.Release|Any CPU.ActiveCfg = Release|Any CPU
		{3DDEB829-E17E-41D6-9FC7-2BABFE88C7C3}.Release|Any CPU.Build.0 = Release|Any CPU
		{3DDEB829-E17E-41D6-9FC7-2BABFE88C7C3}.Release|ARM.ActiveCfg = Release|Any CPU
		{3DDEB829-E17E-41D6-9FC7-2BABFE88C7C3}.Release|ARM.Build.0 = Release|Any CPU
		{3DDEB829-E17E-41D6-9FC7-2BABFE88C7C3}.Release|iPhone.ActiveCfg = Release|Any CPU
		{3DDEB829-E17E-41D6-9FC7-2BABFE88C7C3}.Release|iPhone.Build.0 = Release|Any CPU
		{3DDEB829-E17E-41D6-9FC7-2BABFE88C7C3}.Release|iPhoneSimulator.ActiveCfg = Release|Any CPU
		{3DDEB829-E17E-41D6-9FC7-2BABFE88C7C3}.Release|iPhoneSimulator.Build.0 = Release|Any CPU
		{3DDEB829-E17E-41D6-9FC7-2BABFE88C7C3}.Release|x64.ActiveCfg = Release|Any CPU
		{3DDEB829-E17E-41D6-9FC7-2BABFE88C7C3}.Release|x64.Build.0 = Release|Any CPU
		{3DDEB829-E17E-41D6-9FC7-2BABFE88C7C3}.Release|x86.ActiveCfg = Release|Any CPU
		{3DDEB829-E17E-41D6-9FC7-2BABFE88C7C3}.Release|x86.Build.0 = Release|Any CPU
		{028871E1-B19B-4327-AF98-2FDA7C718C09}.Ad-Hoc|Any CPU.ActiveCfg = Release|Any CPU
		{028871E1-B19B-4327-AF98-2FDA7C718C09}.Ad-Hoc|Any CPU.Build.0 = Release|Any CPU
		{028871E1-B19B-4327-AF98-2FDA7C718C09}.Ad-Hoc|ARM.ActiveCfg = Release|Any CPU
		{028871E1-B19B-4327-AF98-2FDA7C718C09}.Ad-Hoc|ARM.Build.0 = Release|Any CPU
		{028871E1-B19B-4327-AF98-2FDA7C718C09}.Ad-Hoc|iPhone.ActiveCfg = Release|Any CPU
		{028871E1-B19B-4327-AF98-2FDA7C718C09}.Ad-Hoc|iPhone.Build.0 = Release|Any CPU
		{028871E1-B19B-4327-AF98-2FDA7C718C09}.Ad-Hoc|iPhoneSimulator.ActiveCfg = Release|Any CPU
		{028871E1-B19B-4327-AF98-2FDA7C718C09}.Ad-Hoc|iPhoneSimulator.Build.0 = Release|Any CPU
		{028871E1-B19B-4327-AF98-2FDA7C718C09}.Ad-Hoc|x64.ActiveCfg = Release|Any CPU
		{028871E1-B19B-4327-AF98-2FDA7C718C09}.Ad-Hoc|x64.Build.0 = Release|Any CPU
		{028871E1-B19B-4327-AF98-2FDA7C718C09}.Ad-Hoc|x86.ActiveCfg = Release|Any CPU
		{028871E1-B19B-4327-AF98-2FDA7C718C09}.Ad-Hoc|x86.Build.0 = Release|Any CPU
		{028871E1-B19B-4327-AF98-2FDA7C718C09}.AppStore|Any CPU.ActiveCfg = Release|Any CPU
		{028871E1-B19B-4327-AF98-2FDA7C718C09}.AppStore|Any CPU.Build.0 = Release|Any CPU
		{028871E1-B19B-4327-AF98-2FDA7C718C09}.AppStore|ARM.ActiveCfg = Release|Any CPU
		{028871E1-B19B-4327-AF98-2FDA7C718C09}.AppStore|ARM.Build.0 = Release|Any CPU
		{028871E1-B19B-4327-AF98-2FDA7C718C09}.AppStore|iPhone.ActiveCfg = Release|Any CPU
		{028871E1-B19B-4327-AF98-2FDA7C718C09}.AppStore|iPhone.Build.0 = Release|Any CPU
		{028871E1-B19B-4327-AF98-2FDA7C718C09}.AppStore|iPhoneSimulator.ActiveCfg = Release|Any CPU
		{028871E1-B19B-4327-AF98-2FDA7C718C09}.AppStore|iPhoneSimulator.Build.0 = Release|Any CPU
		{028871E1-B19B-4327-AF98-2FDA7C718C09}.AppStore|x64.ActiveCfg = Release|Any CPU
		{028871E1-B19B-4327-AF98-2FDA7C718C09}.AppStore|x64.Build.0 = Release|Any CPU
		{028871E1-B19B-4327-AF98-2FDA7C718C09}.AppStore|x86.ActiveCfg = Release|Any CPU
		{028871E1-B19B-4327-AF98-2FDA7C718C09}.AppStore|x86.Build.0 = Release|Any CPU
		{028871E1-B19B-4327-AF98-2FDA7C718C09}.Debug|Any CPU.ActiveCfg = Debug|Any CPU
		{028871E1-B19B-4327-AF98-2FDA7C718C09}.Debug|Any CPU.Build.0 = Debug|Any CPU
		{028871E1-B19B-4327-AF98-2FDA7C718C09}.Debug|ARM.ActiveCfg = Debug|Any CPU
		{028871E1-B19B-4327-AF98-2FDA7C718C09}.Debug|ARM.Build.0 = Debug|Any CPU
		{028871E1-B19B-4327-AF98-2FDA7C718C09}.Debug|iPhone.ActiveCfg = Debug|Any CPU
		{028871E1-B19B-4327-AF98-2FDA7C718C09}.Debug|iPhone.Build.0 = Debug|Any CPU
		{028871E1-B19B-4327-AF98-2FDA7C718C09}.Debug|iPhoneSimulator.ActiveCfg = Debug|Any CPU
		{028871E1-B19B-4327-AF98-2FDA7C718C09}.Debug|iPhoneSimulator.Build.0 = Debug|Any CPU
		{028871E1-B19B-4327-AF98-2FDA7C718C09}.Debug|x64.ActiveCfg = Debug|Any CPU
		{028871E1-B19B-4327-AF98-2FDA7C718C09}.Debug|x64.Build.0 = Debug|Any CPU
		{028871E1-B19B-4327-AF98-2FDA7C718C09}.Debug|x86.ActiveCfg = Debug|Any CPU
		{028871E1-B19B-4327-AF98-2FDA7C718C09}.Debug|x86.Build.0 = Debug|Any CPU
		{028871E1-B19B-4327-AF98-2FDA7C718C09}.Release|Any CPU.ActiveCfg = Release|Any CPU
		{028871E1-B19B-4327-AF98-2FDA7C718C09}.Release|Any CPU.Build.0 = Release|Any CPU
		{028871E1-B19B-4327-AF98-2FDA7C718C09}.Release|ARM.ActiveCfg = Release|Any CPU
		{028871E1-B19B-4327-AF98-2FDA7C718C09}.Release|ARM.Build.0 = Release|Any CPU
		{028871E1-B19B-4327-AF98-2FDA7C718C09}.Release|iPhone.ActiveCfg = Release|Any CPU
		{028871E1-B19B-4327-AF98-2FDA7C718C09}.Release|iPhone.Build.0 = Release|Any CPU
		{028871E1-B19B-4327-AF98-2FDA7C718C09}.Release|iPhoneSimulator.ActiveCfg = Release|Any CPU
		{028871E1-B19B-4327-AF98-2FDA7C718C09}.Release|iPhoneSimulator.Build.0 = Release|Any CPU
		{028871E1-B19B-4327-AF98-2FDA7C718C09}.Release|x64.ActiveCfg = Release|Any CPU
		{028871E1-B19B-4327-AF98-2FDA7C718C09}.Release|x64.Build.0 = Release|Any CPU
		{028871E1-B19B-4327-AF98-2FDA7C718C09}.Release|x86.ActiveCfg = Release|Any CPU
		{028871E1-B19B-4327-AF98-2FDA7C718C09}.Release|x86.Build.0 = Release|Any CPU
		{CDB1E36B-88EC-40E3-B7AC-0238FBF41A6E}.Ad-Hoc|Any CPU.ActiveCfg = Release|Any CPU
		{CDB1E36B-88EC-40E3-B7AC-0238FBF41A6E}.Ad-Hoc|Any CPU.Build.0 = Release|Any CPU
		{CDB1E36B-88EC-40E3-B7AC-0238FBF41A6E}.Ad-Hoc|Any CPU.Deploy.0 = Release|Any CPU
		{CDB1E36B-88EC-40E3-B7AC-0238FBF41A6E}.Ad-Hoc|ARM.ActiveCfg = Release|Any CPU
		{CDB1E36B-88EC-40E3-B7AC-0238FBF41A6E}.Ad-Hoc|ARM.Build.0 = Release|Any CPU
		{CDB1E36B-88EC-40E3-B7AC-0238FBF41A6E}.Ad-Hoc|ARM.Deploy.0 = Release|Any CPU
		{CDB1E36B-88EC-40E3-B7AC-0238FBF41A6E}.Ad-Hoc|iPhone.ActiveCfg = Release|Any CPU
		{CDB1E36B-88EC-40E3-B7AC-0238FBF41A6E}.Ad-Hoc|iPhone.Build.0 = Release|Any CPU
		{CDB1E36B-88EC-40E3-B7AC-0238FBF41A6E}.Ad-Hoc|iPhone.Deploy.0 = Release|Any CPU
		{CDB1E36B-88EC-40E3-B7AC-0238FBF41A6E}.Ad-Hoc|iPhoneSimulator.ActiveCfg = Release|Any CPU
		{CDB1E36B-88EC-40E3-B7AC-0238FBF41A6E}.Ad-Hoc|iPhoneSimulator.Build.0 = Release|Any CPU
		{CDB1E36B-88EC-40E3-B7AC-0238FBF41A6E}.Ad-Hoc|iPhoneSimulator.Deploy.0 = Release|Any CPU
		{CDB1E36B-88EC-40E3-B7AC-0238FBF41A6E}.Ad-Hoc|x64.ActiveCfg = Release|Any CPU
		{CDB1E36B-88EC-40E3-B7AC-0238FBF41A6E}.Ad-Hoc|x64.Build.0 = Release|Any CPU
		{CDB1E36B-88EC-40E3-B7AC-0238FBF41A6E}.Ad-Hoc|x64.Deploy.0 = Release|Any CPU
		{CDB1E36B-88EC-40E3-B7AC-0238FBF41A6E}.Ad-Hoc|x86.ActiveCfg = Release|Any CPU
		{CDB1E36B-88EC-40E3-B7AC-0238FBF41A6E}.Ad-Hoc|x86.Build.0 = Release|Any CPU
		{CDB1E36B-88EC-40E3-B7AC-0238FBF41A6E}.Ad-Hoc|x86.Deploy.0 = Release|Any CPU
		{CDB1E36B-88EC-40E3-B7AC-0238FBF41A6E}.AppStore|Any CPU.ActiveCfg = Release|Any CPU
		{CDB1E36B-88EC-40E3-B7AC-0238FBF41A6E}.AppStore|Any CPU.Build.0 = Release|Any CPU
		{CDB1E36B-88EC-40E3-B7AC-0238FBF41A6E}.AppStore|Any CPU.Deploy.0 = Release|Any CPU
		{CDB1E36B-88EC-40E3-B7AC-0238FBF41A6E}.AppStore|ARM.ActiveCfg = Release|Any CPU
		{CDB1E36B-88EC-40E3-B7AC-0238FBF41A6E}.AppStore|ARM.Build.0 = Release|Any CPU
		{CDB1E36B-88EC-40E3-B7AC-0238FBF41A6E}.AppStore|ARM.Deploy.0 = Release|Any CPU
		{CDB1E36B-88EC-40E3-B7AC-0238FBF41A6E}.AppStore|iPhone.ActiveCfg = Release|Any CPU
		{CDB1E36B-88EC-40E3-B7AC-0238FBF41A6E}.AppStore|iPhone.Build.0 = Release|Any CPU
		{CDB1E36B-88EC-40E3-B7AC-0238FBF41A6E}.AppStore|iPhone.Deploy.0 = Release|Any CPU
		{CDB1E36B-88EC-40E3-B7AC-0238FBF41A6E}.AppStore|iPhoneSimulator.ActiveCfg = Release|Any CPU
		{CDB1E36B-88EC-40E3-B7AC-0238FBF41A6E}.AppStore|iPhoneSimulator.Build.0 = Release|Any CPU
		{CDB1E36B-88EC-40E3-B7AC-0238FBF41A6E}.AppStore|iPhoneSimulator.Deploy.0 = Release|Any CPU
		{CDB1E36B-88EC-40E3-B7AC-0238FBF41A6E}.AppStore|x64.ActiveCfg = Release|Any CPU
		{CDB1E36B-88EC-40E3-B7AC-0238FBF41A6E}.AppStore|x64.Build.0 = Release|Any CPU
		{CDB1E36B-88EC-40E3-B7AC-0238FBF41A6E}.AppStore|x64.Deploy.0 = Release|Any CPU
		{CDB1E36B-88EC-40E3-B7AC-0238FBF41A6E}.AppStore|x86.ActiveCfg = Release|Any CPU
		{CDB1E36B-88EC-40E3-B7AC-0238FBF41A6E}.AppStore|x86.Build.0 = Release|Any CPU
		{CDB1E36B-88EC-40E3-B7AC-0238FBF41A6E}.AppStore|x86.Deploy.0 = Release|Any CPU
		{CDB1E36B-88EC-40E3-B7AC-0238FBF41A6E}.Debug|Any CPU.ActiveCfg = Debug|Any CPU
		{CDB1E36B-88EC-40E3-B7AC-0238FBF41A6E}.Debug|Any CPU.Build.0 = Debug|Any CPU
		{CDB1E36B-88EC-40E3-B7AC-0238FBF41A6E}.Debug|Any CPU.Deploy.0 = Debug|Any CPU
		{CDB1E36B-88EC-40E3-B7AC-0238FBF41A6E}.Debug|ARM.ActiveCfg = Debug|Any CPU
		{CDB1E36B-88EC-40E3-B7AC-0238FBF41A6E}.Debug|ARM.Build.0 = Debug|Any CPU
		{CDB1E36B-88EC-40E3-B7AC-0238FBF41A6E}.Debug|ARM.Deploy.0 = Debug|Any CPU
		{CDB1E36B-88EC-40E3-B7AC-0238FBF41A6E}.Debug|iPhone.ActiveCfg = Debug|Any CPU
		{CDB1E36B-88EC-40E3-B7AC-0238FBF41A6E}.Debug|iPhone.Build.0 = Debug|Any CPU
		{CDB1E36B-88EC-40E3-B7AC-0238FBF41A6E}.Debug|iPhone.Deploy.0 = Debug|Any CPU
		{CDB1E36B-88EC-40E3-B7AC-0238FBF41A6E}.Debug|iPhoneSimulator.ActiveCfg = Debug|Any CPU
		{CDB1E36B-88EC-40E3-B7AC-0238FBF41A6E}.Debug|iPhoneSimulator.Build.0 = Debug|Any CPU
		{CDB1E36B-88EC-40E3-B7AC-0238FBF41A6E}.Debug|iPhoneSimulator.Deploy.0 = Debug|Any CPU
		{CDB1E36B-88EC-40E3-B7AC-0238FBF41A6E}.Debug|x64.ActiveCfg = Debug|Any CPU
		{CDB1E36B-88EC-40E3-B7AC-0238FBF41A6E}.Debug|x64.Build.0 = Debug|Any CPU
		{CDB1E36B-88EC-40E3-B7AC-0238FBF41A6E}.Debug|x64.Deploy.0 = Debug|Any CPU
		{CDB1E36B-88EC-40E3-B7AC-0238FBF41A6E}.Debug|x86.ActiveCfg = Debug|Any CPU
		{CDB1E36B-88EC-40E3-B7AC-0238FBF41A6E}.Debug|x86.Build.0 = Debug|Any CPU
		{CDB1E36B-88EC-40E3-B7AC-0238FBF41A6E}.Debug|x86.Deploy.0 = Debug|Any CPU
		{CDB1E36B-88EC-40E3-B7AC-0238FBF41A6E}.Release|Any CPU.ActiveCfg = Release|Any CPU
		{CDB1E36B-88EC-40E3-B7AC-0238FBF41A6E}.Release|Any CPU.Build.0 = Release|Any CPU
		{CDB1E36B-88EC-40E3-B7AC-0238FBF41A6E}.Release|Any CPU.Deploy.0 = Release|Any CPU
		{CDB1E36B-88EC-40E3-B7AC-0238FBF41A6E}.Release|ARM.ActiveCfg = Release|Any CPU
		{CDB1E36B-88EC-40E3-B7AC-0238FBF41A6E}.Release|ARM.Build.0 = Release|Any CPU
		{CDB1E36B-88EC-40E3-B7AC-0238FBF41A6E}.Release|ARM.Deploy.0 = Release|Any CPU
		{CDB1E36B-88EC-40E3-B7AC-0238FBF41A6E}.Release|iPhone.ActiveCfg = Release|Any CPU
		{CDB1E36B-88EC-40E3-B7AC-0238FBF41A6E}.Release|iPhone.Build.0 = Release|Any CPU
		{CDB1E36B-88EC-40E3-B7AC-0238FBF41A6E}.Release|iPhone.Deploy.0 = Release|Any CPU
		{CDB1E36B-88EC-40E3-B7AC-0238FBF41A6E}.Release|iPhoneSimulator.ActiveCfg = Release|Any CPU
		{CDB1E36B-88EC-40E3-B7AC-0238FBF41A6E}.Release|iPhoneSimulator.Build.0 = Release|Any CPU
		{CDB1E36B-88EC-40E3-B7AC-0238FBF41A6E}.Release|iPhoneSimulator.Deploy.0 = Release|Any CPU
		{CDB1E36B-88EC-40E3-B7AC-0238FBF41A6E}.Release|x64.ActiveCfg = Release|Any CPU
		{CDB1E36B-88EC-40E3-B7AC-0238FBF41A6E}.Release|x64.Build.0 = Release|Any CPU
		{CDB1E36B-88EC-40E3-B7AC-0238FBF41A6E}.Release|x64.Deploy.0 = Release|Any CPU
		{CDB1E36B-88EC-40E3-B7AC-0238FBF41A6E}.Release|x86.ActiveCfg = Release|Any CPU
		{CDB1E36B-88EC-40E3-B7AC-0238FBF41A6E}.Release|x86.Build.0 = Release|Any CPU
		{CDB1E36B-88EC-40E3-B7AC-0238FBF41A6E}.Release|x86.Deploy.0 = Release|Any CPU
		{E62E96A9-279A-4A6E-A4B7-2ACD9EC4AB70}.Ad-Hoc|Any CPU.ActiveCfg = Release|iPhone
		{E62E96A9-279A-4A6E-A4B7-2ACD9EC4AB70}.Ad-Hoc|Any CPU.Build.0 = Release|iPhone
		{E62E96A9-279A-4A6E-A4B7-2ACD9EC4AB70}.Ad-Hoc|ARM.ActiveCfg = Release|iPhone
		{E62E96A9-279A-4A6E-A4B7-2ACD9EC4AB70}.Ad-Hoc|ARM.Build.0 = Release|iPhone
		{E62E96A9-279A-4A6E-A4B7-2ACD9EC4AB70}.Ad-Hoc|iPhone.ActiveCfg = Release|iPhone
		{E62E96A9-279A-4A6E-A4B7-2ACD9EC4AB70}.Ad-Hoc|iPhone.Build.0 = Release|iPhone
		{E62E96A9-279A-4A6E-A4B7-2ACD9EC4AB70}.Ad-Hoc|iPhoneSimulator.ActiveCfg = Release|iPhoneSimulator
		{E62E96A9-279A-4A6E-A4B7-2ACD9EC4AB70}.Ad-Hoc|iPhoneSimulator.Build.0 = Release|iPhoneSimulator
		{E62E96A9-279A-4A6E-A4B7-2ACD9EC4AB70}.Ad-Hoc|x64.ActiveCfg = Release|iPhone
		{E62E96A9-279A-4A6E-A4B7-2ACD9EC4AB70}.Ad-Hoc|x64.Build.0 = Release|iPhone
		{E62E96A9-279A-4A6E-A4B7-2ACD9EC4AB70}.Ad-Hoc|x86.ActiveCfg = Release|iPhone
		{E62E96A9-279A-4A6E-A4B7-2ACD9EC4AB70}.Ad-Hoc|x86.Build.0 = Release|iPhone
		{E62E96A9-279A-4A6E-A4B7-2ACD9EC4AB70}.AppStore|Any CPU.ActiveCfg = Release|iPhone
		{E62E96A9-279A-4A6E-A4B7-2ACD9EC4AB70}.AppStore|Any CPU.Build.0 = Release|iPhone
		{E62E96A9-279A-4A6E-A4B7-2ACD9EC4AB70}.AppStore|ARM.ActiveCfg = Release|iPhone
		{E62E96A9-279A-4A6E-A4B7-2ACD9EC4AB70}.AppStore|ARM.Build.0 = Release|iPhone
		{E62E96A9-279A-4A6E-A4B7-2ACD9EC4AB70}.AppStore|iPhone.ActiveCfg = Release|iPhone
		{E62E96A9-279A-4A6E-A4B7-2ACD9EC4AB70}.AppStore|iPhone.Build.0 = Release|iPhone
		{E62E96A9-279A-4A6E-A4B7-2ACD9EC4AB70}.AppStore|iPhoneSimulator.ActiveCfg = Release|iPhoneSimulator
		{E62E96A9-279A-4A6E-A4B7-2ACD9EC4AB70}.AppStore|iPhoneSimulator.Build.0 = Release|iPhoneSimulator
		{E62E96A9-279A-4A6E-A4B7-2ACD9EC4AB70}.AppStore|x64.ActiveCfg = Release|iPhone
		{E62E96A9-279A-4A6E-A4B7-2ACD9EC4AB70}.AppStore|x64.Build.0 = Release|iPhone
		{E62E96A9-279A-4A6E-A4B7-2ACD9EC4AB70}.AppStore|x86.ActiveCfg = Release|iPhone
		{E62E96A9-279A-4A6E-A4B7-2ACD9EC4AB70}.AppStore|x86.Build.0 = Release|iPhone
		{E62E96A9-279A-4A6E-A4B7-2ACD9EC4AB70}.Debug|Any CPU.ActiveCfg = Debug|iPhone
		{E62E96A9-279A-4A6E-A4B7-2ACD9EC4AB70}.Debug|ARM.ActiveCfg = Debug|iPhone
		{E62E96A9-279A-4A6E-A4B7-2ACD9EC4AB70}.Debug|iPhone.ActiveCfg = Debug|iPhone
		{E62E96A9-279A-4A6E-A4B7-2ACD9EC4AB70}.Debug|iPhone.Build.0 = Debug|iPhone
		{E62E96A9-279A-4A6E-A4B7-2ACD9EC4AB70}.Debug|iPhoneSimulator.ActiveCfg = Debug|iPhoneSimulator
		{E62E96A9-279A-4A6E-A4B7-2ACD9EC4AB70}.Debug|iPhoneSimulator.Build.0 = Debug|iPhoneSimulator
		{E62E96A9-279A-4A6E-A4B7-2ACD9EC4AB70}.Debug|x64.ActiveCfg = Debug|iPhone
		{E62E96A9-279A-4A6E-A4B7-2ACD9EC4AB70}.Debug|x86.ActiveCfg = Debug|iPhone
		{E62E96A9-279A-4A6E-A4B7-2ACD9EC4AB70}.Release|Any CPU.ActiveCfg = Release|iPhone
		{E62E96A9-279A-4A6E-A4B7-2ACD9EC4AB70}.Release|ARM.ActiveCfg = Release|iPhone
		{E62E96A9-279A-4A6E-A4B7-2ACD9EC4AB70}.Release|iPhone.ActiveCfg = Release|iPhone
		{E62E96A9-279A-4A6E-A4B7-2ACD9EC4AB70}.Release|iPhone.Build.0 = Release|iPhone
		{E62E96A9-279A-4A6E-A4B7-2ACD9EC4AB70}.Release|iPhoneSimulator.ActiveCfg = Release|iPhoneSimulator
		{E62E96A9-279A-4A6E-A4B7-2ACD9EC4AB70}.Release|iPhoneSimulator.Build.0 = Release|iPhoneSimulator
		{E62E96A9-279A-4A6E-A4B7-2ACD9EC4AB70}.Release|x64.ActiveCfg = Release|iPhone
		{E62E96A9-279A-4A6E-A4B7-2ACD9EC4AB70}.Release|x86.ActiveCfg = Release|iPhone
		{C8D83AC6-C175-4B89-97E5-692652678CB4}.Ad-Hoc|Any CPU.ActiveCfg = Release|Any CPU
		{C8D83AC6-C175-4B89-97E5-692652678CB4}.Ad-Hoc|Any CPU.Build.0 = Release|Any CPU
		{C8D83AC6-C175-4B89-97E5-692652678CB4}.Ad-Hoc|Any CPU.Deploy.0 = Release|Any CPU
		{C8D83AC6-C175-4B89-97E5-692652678CB4}.Ad-Hoc|ARM.ActiveCfg = Release|ARM
		{C8D83AC6-C175-4B89-97E5-692652678CB4}.Ad-Hoc|ARM.Build.0 = Release|ARM
		{C8D83AC6-C175-4B89-97E5-692652678CB4}.Ad-Hoc|ARM.Deploy.0 = Release|ARM
		{C8D83AC6-C175-4B89-97E5-692652678CB4}.Ad-Hoc|iPhone.ActiveCfg = Release|Any CPU
		{C8D83AC6-C175-4B89-97E5-692652678CB4}.Ad-Hoc|iPhone.Build.0 = Release|Any CPU
		{C8D83AC6-C175-4B89-97E5-692652678CB4}.Ad-Hoc|iPhone.Deploy.0 = Release|Any CPU
		{C8D83AC6-C175-4B89-97E5-692652678CB4}.Ad-Hoc|iPhoneSimulator.ActiveCfg = Release|Any CPU
		{C8D83AC6-C175-4B89-97E5-692652678CB4}.Ad-Hoc|iPhoneSimulator.Build.0 = Release|Any CPU
		{C8D83AC6-C175-4B89-97E5-692652678CB4}.Ad-Hoc|iPhoneSimulator.Deploy.0 = Release|Any CPU
		{C8D83AC6-C175-4B89-97E5-692652678CB4}.Ad-Hoc|x64.ActiveCfg = Release|Any CPU
		{C8D83AC6-C175-4B89-97E5-692652678CB4}.Ad-Hoc|x64.Build.0 = Release|Any CPU
		{C8D83AC6-C175-4B89-97E5-692652678CB4}.Ad-Hoc|x64.Deploy.0 = Release|Any CPU
		{C8D83AC6-C175-4B89-97E5-692652678CB4}.Ad-Hoc|x86.ActiveCfg = Release|x86
		{C8D83AC6-C175-4B89-97E5-692652678CB4}.Ad-Hoc|x86.Build.0 = Release|x86
		{C8D83AC6-C175-4B89-97E5-692652678CB4}.Ad-Hoc|x86.Deploy.0 = Release|x86
		{C8D83AC6-C175-4B89-97E5-692652678CB4}.AppStore|Any CPU.ActiveCfg = Release|Any CPU
		{C8D83AC6-C175-4B89-97E5-692652678CB4}.AppStore|Any CPU.Build.0 = Release|Any CPU
		{C8D83AC6-C175-4B89-97E5-692652678CB4}.AppStore|Any CPU.Deploy.0 = Release|Any CPU
		{C8D83AC6-C175-4B89-97E5-692652678CB4}.AppStore|ARM.ActiveCfg = Release|ARM
		{C8D83AC6-C175-4B89-97E5-692652678CB4}.AppStore|ARM.Build.0 = Release|ARM
		{C8D83AC6-C175-4B89-97E5-692652678CB4}.AppStore|ARM.Deploy.0 = Release|ARM
		{C8D83AC6-C175-4B89-97E5-692652678CB4}.AppStore|iPhone.ActiveCfg = Release|Any CPU
		{C8D83AC6-C175-4B89-97E5-692652678CB4}.AppStore|iPhone.Build.0 = Release|Any CPU
		{C8D83AC6-C175-4B89-97E5-692652678CB4}.AppStore|iPhone.Deploy.0 = Release|Any CPU
		{C8D83AC6-C175-4B89-97E5-692652678CB4}.AppStore|iPhoneSimulator.ActiveCfg = Release|Any CPU
		{C8D83AC6-C175-4B89-97E5-692652678CB4}.AppStore|iPhoneSimulator.Build.0 = Release|Any CPU
		{C8D83AC6-C175-4B89-97E5-692652678CB4}.AppStore|iPhoneSimulator.Deploy.0 = Release|Any CPU
		{C8D83AC6-C175-4B89-97E5-692652678CB4}.AppStore|x64.ActiveCfg = Release|Any CPU
		{C8D83AC6-C175-4B89-97E5-692652678CB4}.AppStore|x64.Build.0 = Release|Any CPU
		{C8D83AC6-C175-4B89-97E5-692652678CB4}.AppStore|x64.Deploy.0 = Release|Any CPU
		{C8D83AC6-C175-4B89-97E5-692652678CB4}.AppStore|x86.ActiveCfg = Release|x86
		{C8D83AC6-C175-4B89-97E5-692652678CB4}.AppStore|x86.Build.0 = Release|x86
		{C8D83AC6-C175-4B89-97E5-692652678CB4}.AppStore|x86.Deploy.0 = Release|x86
		{C8D83AC6-C175-4B89-97E5-692652678CB4}.Debug|Any CPU.ActiveCfg = Debug|Any CPU
		{C8D83AC6-C175-4B89-97E5-692652678CB4}.Debug|Any CPU.Build.0 = Debug|Any CPU
		{C8D83AC6-C175-4B89-97E5-692652678CB4}.Debug|Any CPU.Deploy.0 = Debug|Any CPU
		{C8D83AC6-C175-4B89-97E5-692652678CB4}.Debug|ARM.ActiveCfg = Debug|ARM
		{C8D83AC6-C175-4B89-97E5-692652678CB4}.Debug|ARM.Build.0 = Debug|ARM
		{C8D83AC6-C175-4B89-97E5-692652678CB4}.Debug|ARM.Deploy.0 = Debug|ARM
		{C8D83AC6-C175-4B89-97E5-692652678CB4}.Debug|iPhone.ActiveCfg = Debug|Any CPU
		{C8D83AC6-C175-4B89-97E5-692652678CB4}.Debug|iPhone.Build.0 = Debug|Any CPU
		{C8D83AC6-C175-4B89-97E5-692652678CB4}.Debug|iPhone.Deploy.0 = Debug|Any CPU
		{C8D83AC6-C175-4B89-97E5-692652678CB4}.Debug|iPhoneSimulator.ActiveCfg = Debug|Any CPU
		{C8D83AC6-C175-4B89-97E5-692652678CB4}.Debug|iPhoneSimulator.Build.0 = Debug|Any CPU
		{C8D83AC6-C175-4B89-97E5-692652678CB4}.Debug|iPhoneSimulator.Deploy.0 = Debug|Any CPU
		{C8D83AC6-C175-4B89-97E5-692652678CB4}.Debug|x64.ActiveCfg = Debug|Any CPU
		{C8D83AC6-C175-4B89-97E5-692652678CB4}.Debug|x64.Build.0 = Debug|Any CPU
		{C8D83AC6-C175-4B89-97E5-692652678CB4}.Debug|x64.Deploy.0 = Debug|Any CPU
		{C8D83AC6-C175-4B89-97E5-692652678CB4}.Debug|x86.ActiveCfg = Debug|x86
		{C8D83AC6-C175-4B89-97E5-692652678CB4}.Debug|x86.Build.0 = Debug|x86
		{C8D83AC6-C175-4B89-97E5-692652678CB4}.Debug|x86.Deploy.0 = Debug|x86
		{C8D83AC6-C175-4B89-97E5-692652678CB4}.Release|Any CPU.ActiveCfg = Release|Any CPU
		{C8D83AC6-C175-4B89-97E5-692652678CB4}.Release|Any CPU.Build.0 = Release|Any CPU
		{C8D83AC6-C175-4B89-97E5-692652678CB4}.Release|Any CPU.Deploy.0 = Release|Any CPU
		{C8D83AC6-C175-4B89-97E5-692652678CB4}.Release|ARM.ActiveCfg = Release|ARM
		{C8D83AC6-C175-4B89-97E5-692652678CB4}.Release|ARM.Build.0 = Release|ARM
		{C8D83AC6-C175-4B89-97E5-692652678CB4}.Release|ARM.Deploy.0 = Release|ARM
		{C8D83AC6-C175-4B89-97E5-692652678CB4}.Release|iPhone.ActiveCfg = Release|Any CPU
		{C8D83AC6-C175-4B89-97E5-692652678CB4}.Release|iPhone.Build.0 = Release|Any CPU
		{C8D83AC6-C175-4B89-97E5-692652678CB4}.Release|iPhone.Deploy.0 = Release|Any CPU
		{C8D83AC6-C175-4B89-97E5-692652678CB4}.Release|iPhoneSimulator.ActiveCfg = Release|Any CPU
		{C8D83AC6-C175-4B89-97E5-692652678CB4}.Release|iPhoneSimulator.Build.0 = Release|Any CPU
		{C8D83AC6-C175-4B89-97E5-692652678CB4}.Release|iPhoneSimulator.Deploy.0 = Release|Any CPU
		{C8D83AC6-C175-4B89-97E5-692652678CB4}.Release|x64.ActiveCfg = Release|Any CPU
		{C8D83AC6-C175-4B89-97E5-692652678CB4}.Release|x64.Build.0 = Release|Any CPU
		{C8D83AC6-C175-4B89-97E5-692652678CB4}.Release|x64.Deploy.0 = Release|Any CPU
		{C8D83AC6-C175-4B89-97E5-692652678CB4}.Release|x86.ActiveCfg = Release|x86
		{C8D83AC6-C175-4B89-97E5-692652678CB4}.Release|x86.Build.0 = Release|x86
		{C8D83AC6-C175-4B89-97E5-692652678CB4}.Release|x86.Deploy.0 = Release|x86
		{D7CD2146-6494-4F80-8F58-33D7F2DAB8F7}.Ad-Hoc|Any CPU.ActiveCfg = Release|Any CPU
		{D7CD2146-6494-4F80-8F58-33D7F2DAB8F7}.Ad-Hoc|Any CPU.Build.0 = Release|Any CPU
		{D7CD2146-6494-4F80-8F58-33D7F2DAB8F7}.Ad-Hoc|ARM.ActiveCfg = Release|Any CPU
		{D7CD2146-6494-4F80-8F58-33D7F2DAB8F7}.Ad-Hoc|ARM.Build.0 = Release|Any CPU
		{D7CD2146-6494-4F80-8F58-33D7F2DAB8F7}.Ad-Hoc|iPhone.ActiveCfg = Release|Any CPU
		{D7CD2146-6494-4F80-8F58-33D7F2DAB8F7}.Ad-Hoc|iPhone.Build.0 = Release|Any CPU
		{D7CD2146-6494-4F80-8F58-33D7F2DAB8F7}.Ad-Hoc|iPhoneSimulator.ActiveCfg = Release|Any CPU
		{D7CD2146-6494-4F80-8F58-33D7F2DAB8F7}.Ad-Hoc|iPhoneSimulator.Build.0 = Release|Any CPU
		{D7CD2146-6494-4F80-8F58-33D7F2DAB8F7}.Ad-Hoc|x64.ActiveCfg = Release|Any CPU
		{D7CD2146-6494-4F80-8F58-33D7F2DAB8F7}.Ad-Hoc|x64.Build.0 = Release|Any CPU
		{D7CD2146-6494-4F80-8F58-33D7F2DAB8F7}.Ad-Hoc|x86.ActiveCfg = Release|Any CPU
		{D7CD2146-6494-4F80-8F58-33D7F2DAB8F7}.Ad-Hoc|x86.Build.0 = Release|Any CPU
		{D7CD2146-6494-4F80-8F58-33D7F2DAB8F7}.AppStore|Any CPU.ActiveCfg = Release|Any CPU
		{D7CD2146-6494-4F80-8F58-33D7F2DAB8F7}.AppStore|Any CPU.Build.0 = Release|Any CPU
		{D7CD2146-6494-4F80-8F58-33D7F2DAB8F7}.AppStore|ARM.ActiveCfg = Release|Any CPU
		{D7CD2146-6494-4F80-8F58-33D7F2DAB8F7}.AppStore|ARM.Build.0 = Release|Any CPU
		{D7CD2146-6494-4F80-8F58-33D7F2DAB8F7}.AppStore|iPhone.ActiveCfg = Release|Any CPU
		{D7CD2146-6494-4F80-8F58-33D7F2DAB8F7}.AppStore|iPhone.Build.0 = Release|Any CPU
		{D7CD2146-6494-4F80-8F58-33D7F2DAB8F7}.AppStore|iPhoneSimulator.ActiveCfg = Release|Any CPU
		{D7CD2146-6494-4F80-8F58-33D7F2DAB8F7}.AppStore|iPhoneSimulator.Build.0 = Release|Any CPU
		{D7CD2146-6494-4F80-8F58-33D7F2DAB8F7}.AppStore|x64.ActiveCfg = Release|Any CPU
		{D7CD2146-6494-4F80-8F58-33D7F2DAB8F7}.AppStore|x64.Build.0 = Release|Any CPU
		{D7CD2146-6494-4F80-8F58-33D7F2DAB8F7}.AppStore|x86.ActiveCfg = Release|Any CPU
		{D7CD2146-6494-4F80-8F58-33D7F2DAB8F7}.AppStore|x86.Build.0 = Release|Any CPU
		{D7CD2146-6494-4F80-8F58-33D7F2DAB8F7}.Debug|Any CPU.ActiveCfg = Debug|Any CPU
		{D7CD2146-6494-4F80-8F58-33D7F2DAB8F7}.Debug|Any CPU.Build.0 = Debug|Any CPU
		{D7CD2146-6494-4F80-8F58-33D7F2DAB8F7}.Debug|ARM.ActiveCfg = Debug|Any CPU
		{D7CD2146-6494-4F80-8F58-33D7F2DAB8F7}.Debug|ARM.Build.0 = Debug|Any CPU
		{D7CD2146-6494-4F80-8F58-33D7F2DAB8F7}.Debug|iPhone.ActiveCfg = Debug|Any CPU
		{D7CD2146-6494-4F80-8F58-33D7F2DAB8F7}.Debug|iPhone.Build.0 = Debug|Any CPU
		{D7CD2146-6494-4F80-8F58-33D7F2DAB8F7}.Debug|iPhoneSimulator.ActiveCfg = Debug|Any CPU
		{D7CD2146-6494-4F80-8F58-33D7F2DAB8F7}.Debug|iPhoneSimulator.Build.0 = Debug|Any CPU
		{D7CD2146-6494-4F80-8F58-33D7F2DAB8F7}.Debug|x64.ActiveCfg = Debug|Any CPU
		{D7CD2146-6494-4F80-8F58-33D7F2DAB8F7}.Debug|x64.Build.0 = Debug|Any CPU
		{D7CD2146-6494-4F80-8F58-33D7F2DAB8F7}.Debug|x86.ActiveCfg = Debug|Any CPU
		{D7CD2146-6494-4F80-8F58-33D7F2DAB8F7}.Debug|x86.Build.0 = Debug|Any CPU
		{D7CD2146-6494-4F80-8F58-33D7F2DAB8F7}.Release|Any CPU.ActiveCfg = Release|Any CPU
		{D7CD2146-6494-4F80-8F58-33D7F2DAB8F7}.Release|Any CPU.Build.0 = Release|Any CPU
		{D7CD2146-6494-4F80-8F58-33D7F2DAB8F7}.Release|ARM.ActiveCfg = Release|Any CPU
		{D7CD2146-6494-4F80-8F58-33D7F2DAB8F7}.Release|ARM.Build.0 = Release|Any CPU
		{D7CD2146-6494-4F80-8F58-33D7F2DAB8F7}.Release|iPhone.ActiveCfg = Release|Any CPU
		{D7CD2146-6494-4F80-8F58-33D7F2DAB8F7}.Release|iPhone.Build.0 = Release|Any CPU
		{D7CD2146-6494-4F80-8F58-33D7F2DAB8F7}.Release|iPhoneSimulator.ActiveCfg = Release|Any CPU
		{D7CD2146-6494-4F80-8F58-33D7F2DAB8F7}.Release|iPhoneSimulator.Build.0 = Release|Any CPU
		{D7CD2146-6494-4F80-8F58-33D7F2DAB8F7}.Release|x64.ActiveCfg = Release|Any CPU
		{D7CD2146-6494-4F80-8F58-33D7F2DAB8F7}.Release|x64.Build.0 = Release|Any CPU
		{D7CD2146-6494-4F80-8F58-33D7F2DAB8F7}.Release|x86.ActiveCfg = Release|Any CPU
		{D7CD2146-6494-4F80-8F58-33D7F2DAB8F7}.Release|x86.Build.0 = Release|Any CPU
	EndGlobalSection
	GlobalSection(SolutionProperties) = preSolution
		HideSolutionNode = FALSE
	EndGlobalSection
	GlobalSection(NestedProjects) = preSolution
		{CDB1E36B-88EC-40E3-B7AC-0238FBF41A6E} = {1F01B910-FBA7-45B6-8A17-16C441F15DF2}
		{E62E96A9-279A-4A6E-A4B7-2ACD9EC4AB70} = {1F01B910-FBA7-45B6-8A17-16C441F15DF2}
		{C8D83AC6-C175-4B89-97E5-692652678CB4} = {1F01B910-FBA7-45B6-8A17-16C441F15DF2}
	EndGlobalSection
EndGlobal
