
Microsoft Visual Studio Solution File, Format Version 12.00
# Visual Studio 14
VisualStudioVersion = 14.0.25420.1
MinimumVisualStudioVersion = 10.0.40219.1
Project("{FAE04EC0-301F-11D3-BF4B-00C04F79EFBC}") = "XamarinTDDemo.Babysitter", "XamarinTDDemo.Babysitter\XamarinTDDemo.Babysitter.csproj", "{67F9D3A8-F71E-4428-913F-C37AE82CDB24}"
EndProject
Project("{FAE04EC0-301F-11D3-BF4B-00C04F79EFBC}") = "XamarinTDDemo.Babysitter.Tests", "XamarinTDDemo.Babysitter.Tests\XamarinTDDemo.Babysitter.Tests.csproj", "{3DDEB829-E17E-41D6-9FC7-2BABFE88C7C3}"
EndProject
Project("{FAE04EC0-301F-11D3-BF4B-00C04F79EFBC}") = "XamarinTDDemo.Babysitter.UI", "XamarinTDDemo.Babysitter.UI\XamarinTDDemo.Babysitter.UI\XamarinTDDemo.Babysitter.UI.csproj", "{52CFE109-6A15-4309-9D07-E1620834FCDE}"
EndProject
Project("{FAE04EC0-301F-11D3-BF4B-00C04F79EFBC}") = "XamarinTDDemo.Babysitter.UI.Droid", "XamarinTDDemo.Babysitter.UI\XamarinTDDemo.Babysitter.UI.Droid\XamarinTDDemo.Babysitter.UI.Droid.csproj", "{5F31A52C-FABA-46BD-8FB8-CE5121651844}"
EndProject
Project("{FAE04EC0-301F-11D3-BF4B-00C04F79EFBC}") = "XamarinTDDemo.Babysitter.UI.iOS", "XamarinTDDemo.Babysitter.UI\XamarinTDDemo.Babysitter.UI.iOS\XamarinTDDemo.Babysitter.UI.iOS.csproj", "{27BCC1B5-533B-4C0F-9E16-5C44CC23A06A}"
EndProject
Project("{FAE04EC0-301F-11D3-BF4B-00C04F79EFBC}") = "XamarinTDDemo.Babysitter.UI.WinPhone", "XamarinTDDemo.Babysitter.UI\XamarinTDDemo.Babysitter.UI.WinPhone\XamarinTDDemo.Babysitter.UI.WinPhone.csproj", "{D3F10823-48F9-429F-8CB3-DC335BAE3BCB}"
EndProject
Project("{FAE04EC0-301F-11D3-BF4B-00C04F79EFBC}") = "XamarinTDDemo.Babysitter.UI.UWP", "XamarinTDDemo.Babysitter.UI\XamarinTDDemo.Babysitter.UI.UWP\XamarinTDDemo.Babysitter.UI.UWP.csproj", "{DA4297F0-2D22-41DD-97BD-57BD8549A30C}"
EndProject
Project("{FAE04EC0-301F-11D3-BF4B-00C04F79EFBC}") = "XamarinTDDemo.Babysitter.UI.Windows", "XamarinTDDemo.Babysitter.UI\XamarinTDDemo.Babysitter.UI.Windows\XamarinTDDemo.Babysitter.UI.Windows.csproj", "{731FCA40-B3BB-4E46-8ABB-F361776AE797}"
EndProject
Project("{2150E333-8FDC-42A3-9474-1A3956D46DE8}") = "UI", "UI", "{64BA723D-434B-471F-A664-179A8DC09480}"
EndProject
Project("{2150E333-8FDC-42A3-9474-1A3956D46DE8}") = "Native", "Native", "{40B726F7-FA64-4851-8034-7898BBAA4A20}"
EndProject
Project("{FAE04EC0-301F-11D3-BF4B-00C04F79EFBC}") = "XamarinTDDemo.Babysitter.UI.Tests", "XamarinTDDemo.Babysitter.UI.Tests\XamarinTDDemo.Babysitter.UI.Tests.csproj", "{34B3165D-01B2-4304-A56A-204F28400CF8}"
EndProject
Global
	GlobalSection(SolutionConfigurationPlatforms) = preSolution
		Ad-Hoc|Any CPU = Ad-Hoc|Any CPU
		Ad-Hoc|ARM = Ad-Hoc|ARM
		Ad-Hoc|iPhone = Ad-Hoc|iPhone
		Ad-Hoc|iPhoneSimulator = Ad-Hoc|iPhoneSimulator
		Ad-Hoc|x64 = Ad-Hoc|x64
		Ad-Hoc|x86 = Ad-Hoc|x86
		AppStore|Any CPU = AppStore|Any CPU
		AppStore|ARM = AppStore|ARM
		AppStore|iPhone = AppStore|iPhone
		AppStore|iPhoneSimulator = AppStore|iPhoneSimulator
		AppStore|x64 = AppStore|x64
		AppStore|x86 = AppStore|x86
		Debug|Any CPU = Debug|Any CPU
		Debug|ARM = Debug|ARM
		Debug|iPhone = Debug|iPhone
		Debug|iPhoneSimulator = Debug|iPhoneSimulator
		Debug|x64 = Debug|x64
		Debug|x86 = Debug|x86
		Release|Any CPU = Release|Any CPU
		Release|ARM = Release|ARM
		Release|iPhone = Release|iPhone
		Release|iPhoneSimulator = Release|iPhoneSimulator
		Release|x64 = Release|x64
		Release|x86 = Release|x86
	EndGlobalSection
	GlobalSection(ProjectConfigurationPlatforms) = postSolution
		{67F9D3A8-F71E-4428-913F-C37AE82CDB24}.Ad-Hoc|Any CPU.ActiveCfg = Release|Any CPU
		{67F9D3A8-F71E-4428-913F-C37AE82CDB24}.Ad-Hoc|Any CPU.Build.0 = Release|Any CPU
		{67F9D3A8-F71E-4428-913F-C37AE82CDB24}.Ad-Hoc|ARM.ActiveCfg = Release|Any CPU
		{67F9D3A8-F71E-4428-913F-C37AE82CDB24}.Ad-Hoc|ARM.Build.0 = Release|Any CPU
		{67F9D3A8-F71E-4428-913F-C37AE82CDB24}.Ad-Hoc|iPhone.ActiveCfg = Release|Any CPU
		{67F9D3A8-F71E-4428-913F-C37AE82CDB24}.Ad-Hoc|iPhone.Build.0 = Release|Any CPU
		{67F9D3A8-F71E-4428-913F-C37AE82CDB24}.Ad-Hoc|iPhoneSimulator.ActiveCfg = Release|Any CPU
		{67F9D3A8-F71E-4428-913F-C37AE82CDB24}.Ad-Hoc|iPhoneSimulator.Build.0 = Release|Any CPU
		{67F9D3A8-F71E-4428-913F-C37AE82CDB24}.Ad-Hoc|x64.ActiveCfg = Release|Any CPU
		{67F9D3A8-F71E-4428-913F-C37AE82CDB24}.Ad-Hoc|x64.Build.0 = Release|Any CPU
		{67F9D3A8-F71E-4428-913F-C37AE82CDB24}.Ad-Hoc|x86.ActiveCfg = Release|Any CPU
		{67F9D3A8-F71E-4428-913F-C37AE82CDB24}.Ad-Hoc|x86.Build.0 = Release|Any CPU
		{67F9D3A8-F71E-4428-913F-C37AE82CDB24}.AppStore|Any CPU.ActiveCfg = Release|Any CPU
		{67F9D3A8-F71E-4428-913F-C37AE82CDB24}.AppStore|Any CPU.Build.0 = Release|Any CPU
		{67F9D3A8-F71E-4428-913F-C37AE82CDB24}.AppStore|ARM.ActiveCfg = Release|Any CPU
		{67F9D3A8-F71E-4428-913F-C37AE82CDB24}.AppStore|ARM.Build.0 = Release|Any CPU
		{67F9D3A8-F71E-4428-913F-C37AE82CDB24}.AppStore|iPhone.ActiveCfg = Release|Any CPU
		{67F9D3A8-F71E-4428-913F-C37AE82CDB24}.AppStore|iPhone.Build.0 = Release|Any CPU
		{67F9D3A8-F71E-4428-913F-C37AE82CDB24}.AppStore|iPhoneSimulator.ActiveCfg = Release|Any CPU
		{67F9D3A8-F71E-4428-913F-C37AE82CDB24}.AppStore|iPhoneSimulator.Build.0 = Release|Any CPU
		{67F9D3A8-F71E-4428-913F-C37AE82CDB24}.AppStore|x64.ActiveCfg = Release|Any CPU
		{67F9D3A8-F71E-4428-913F-C37AE82CDB24}.AppStore|x64.Build.0 = Release|Any CPU
		{67F9D3A8-F71E-4428-913F-C37AE82CDB24}.AppStore|x86.ActiveCfg = Release|Any CPU
		{67F9D3A8-F71E-4428-913F-C37AE82CDB24}.AppStore|x86.Build.0 = Release|Any CPU
		{67F9D3A8-F71E-4428-913F-C37AE82CDB24}.Debug|Any CPU.ActiveCfg = Debug|Any CPU
		{67F9D3A8-F71E-4428-913F-C37AE82CDB24}.Debug|Any CPU.Build.0 = Debug|Any CPU
		{67F9D3A8-F71E-4428-913F-C37AE82CDB24}.Debug|ARM.ActiveCfg = Debug|Any CPU
		{67F9D3A8-F71E-4428-913F-C37AE82CDB24}.Debug|ARM.Build.0 = Debug|Any CPU
		{67F9D3A8-F71E-4428-913F-C37AE82CDB24}.Debug|iPhone.ActiveCfg = Debug|Any CPU
		{67F9D3A8-F71E-4428-913F-C37AE82CDB24}.Debug|iPhone.Build.0 = Debug|Any CPU
		{67F9D3A8-F71E-4428-913F-C37AE82CDB24}.Debug|iPhoneSimulator.ActiveCfg = Debug|Any CPU
		{67F9D3A8-F71E-4428-913F-C37AE82CDB24}.Debug|iPhoneSimulator.Build.0 = Debug|Any CPU
		{67F9D3A8-F71E-4428-913F-C37AE82CDB24}.Debug|x64.ActiveCfg = Debug|Any CPU
		{67F9D3A8-F71E-4428-913F-C37AE82CDB24}.Debug|x64.Build.0 = Debug|Any CPU
		{67F9D3A8-F71E-4428-913F-C37AE82CDB24}.Debug|x86.ActiveCfg = Debug|Any CPU
		{67F9D3A8-F71E-4428-913F-C37AE82CDB24}.Debug|x86.Build.0 = Debug|Any CPU
		{67F9D3A8-F71E-4428-913F-C37AE82CDB24}.Release|Any CPU.ActiveCfg = Release|Any CPU
		{67F9D3A8-F71E-4428-913F-C37AE82CDB24}.Release|Any CPU.Build.0 = Release|Any CPU
		{67F9D3A8-F71E-4428-913F-C37AE82CDB24}.Release|ARM.ActiveCfg = Release|Any CPU
		{67F9D3A8-F71E-4428-913F-C37AE82CDB24}.Release|ARM.Build.0 = Release|Any CPU
		{67F9D3A8-F71E-4428-913F-C37AE82CDB24}.Release|iPhone.ActiveCfg = Release|Any CPU
		{67F9D3A8-F71E-4428-913F-C37AE82CDB24}.Release|iPhone.Build.0 = Release|Any CPU
		{67F9D3A8-F71E-4428-913F-C37AE82CDB24}.Release|iPhoneSimulator.ActiveCfg = Release|Any CPU
		{67F9D3A8-F71E-4428-913F-C37AE82CDB24}.Release|iPhoneSimulator.Build.0 = Release|Any CPU
		{67F9D3A8-F71E-4428-913F-C37AE82CDB24}.Release|x64.ActiveCfg = Release|Any CPU
		{67F9D3A8-F71E-4428-913F-C37AE82CDB24}.Release|x64.Build.0 = Release|Any CPU
		{67F9D3A8-F71E-4428-913F-C37AE82CDB24}.Release|x86.ActiveCfg = Release|Any CPU
		{67F9D3A8-F71E-4428-913F-C37AE82CDB24}.Release|x86.Build.0 = Release|Any CPU
		{3DDEB829-E17E-41D6-9FC7-2BABFE88C7C3}.Ad-Hoc|Any CPU.ActiveCfg = Release|Any CPU
		{3DDEB829-E17E-41D6-9FC7-2BABFE88C7C3}.Ad-Hoc|Any CPU.Build.0 = Release|Any CPU
		{3DDEB829-E17E-41D6-9FC7-2BABFE88C7C3}.Ad-Hoc|ARM.ActiveCfg = Release|Any CPU
		{3DDEB829-E17E-41D6-9FC7-2BABFE88C7C3}.Ad-Hoc|ARM.Build.0 = Release|Any CPU
		{3DDEB829-E17E-41D6-9FC7-2BABFE88C7C3}.Ad-Hoc|iPhone.ActiveCfg = Release|Any CPU
		{3DDEB829-E17E-41D6-9FC7-2BABFE88C7C3}.Ad-Hoc|iPhone.Build.0 = Release|Any CPU
		{3DDEB829-E17E-41D6-9FC7-2BABFE88C7C3}.Ad-Hoc|iPhoneSimulator.ActiveCfg = Release|Any CPU
		{3DDEB829-E17E-41D6-9FC7-2BABFE88C7C3}.Ad-Hoc|iPhoneSimulator.Build.0 = Release|Any CPU
		{3DDEB829-E17E-41D6-9FC7-2BABFE88C7C3}.Ad-Hoc|x64.ActiveCfg = Release|Any CPU
		{3DDEB829-E17E-41D6-9FC7-2BABFE88C7C3}.Ad-Hoc|x64.Build.0 = Release|Any CPU
		{3DDEB829-E17E-41D6-9FC7-2BABFE88C7C3}.Ad-Hoc|x86.ActiveCfg = Release|Any CPU
		{3DDEB829-E17E-41D6-9FC7-2BABFE88C7C3}.Ad-Hoc|x86.Build.0 = Release|Any CPU
		{3DDEB829-E17E-41D6-9FC7-2BABFE88C7C3}.AppStore|Any CPU.ActiveCfg = Release|Any CPU
		{3DDEB829-E17E-41D6-9FC7-2BABFE88C7C3}.AppStore|Any CPU.Build.0 = Release|Any CPU
		{3DDEB829-E17E-41D6-9FC7-2BABFE88C7C3}.AppStore|ARM.ActiveCfg = Release|Any CPU
		{3DDEB829-E17E-41D6-9FC7-2BABFE88C7C3}.AppStore|ARM.Build.0 = Release|Any CPU
		{3DDEB829-E17E-41D6-9FC7-2BABFE88C7C3}.AppStore|iPhone.ActiveCfg = Release|Any CPU
		{3DDEB829-E17E-41D6-9FC7-2BABFE88C7C3}.AppStore|iPhone.Build.0 = Release|Any CPU
		{3DDEB829-E17E-41D6-9FC7-2BABFE88C7C3}.AppStore|iPhoneSimulator.ActiveCfg = Release|Any CPU
		{3DDEB829-E17E-41D6-9FC7-2BABFE88C7C3}.AppStore|iPhoneSimulator.Build.0 = Release|Any CPU
		{3DDEB829-E17E-41D6-9FC7-2BABFE88C7C3}.AppStore|x64.ActiveCfg = Release|Any CPU
		{3DDEB829-E17E-41D6-9FC7-2BABFE88C7C3}.AppStore|x64.Build.0 = Release|Any CPU
		{3DDEB829-E17E-41D6-9FC7-2BABFE88C7C3}.AppStore|x86.ActiveCfg = Release|Any CPU
		{3DDEB829-E17E-41D6-9FC7-2BABFE88C7C3}.AppStore|x86.Build.0 = Release|Any CPU
		{3DDEB829-E17E-41D6-9FC7-2BABFE88C7C3}.Debug|Any CPU.ActiveCfg = Debug|Any CPU
		{3DDEB829-E17E-41D6-9FC7-2BABFE88C7C3}.Debug|Any CPU.Build.0 = Debug|Any CPU
		{3DDEB829-E17E-41D6-9FC7-2BABFE88C7C3}.Debug|ARM.ActiveCfg = Debug|Any CPU
		{3DDEB829-E17E-41D6-9FC7-2BABFE88C7C3}.Debug|ARM.Build.0 = Debug|Any CPU
		{3DDEB829-E17E-41D6-9FC7-2BABFE88C7C3}.Debug|iPhone.ActiveCfg = Debug|Any CPU
		{3DDEB829-E17E-41D6-9FC7-2BABFE88C7C3}.Debug|iPhone.Build.0 = Debug|Any CPU
		{3DDEB829-E17E-41D6-9FC7-2BABFE88C7C3}.Debug|iPhoneSimulator.ActiveCfg = Debug|Any CPU
		{3DDEB829-E17E-41D6-9FC7-2BABFE88C7C3}.Debug|iPhoneSimulator.Build.0 = Debug|Any CPU
		{3DDEB829-E17E-41D6-9FC7-2BABFE88C7C3}.Debug|x64.ActiveCfg = Debug|Any CPU
		{3DDEB829-E17E-41D6-9FC7-2BABFE88C7C3}.Debug|x64.Build.0 = Debug|Any CPU
		{3DDEB829-E17E-41D6-9FC7-2BABFE88C7C3}.Debug|x86.ActiveCfg = Debug|Any CPU
		{3DDEB829-E17E-41D6-9FC7-2BABFE88C7C3}.Debug|x86.Build.0 = Debug|Any CPU
		{3DDEB829-E17E-41D6-9FC7-2BABFE88C7C3}.Release|Any CPU.ActiveCfg = Release|Any CPU
		{3DDEB829-E17E-41D6-9FC7-2BABFE88C7C3}.Release|Any CPU.Build.0 = Release|Any CPU
		{3DDEB829-E17E-41D6-9FC7-2BABFE88C7C3}.Release|ARM.ActiveCfg = Release|Any CPU
		{3DDEB829-E17E-41D6-9FC7-2BABFE88C7C3}.Release|ARM.Build.0 = Release|Any CPU
		{3DDEB829-E17E-41D6-9FC7-2BABFE88C7C3}.Release|iPhone.ActiveCfg = Release|Any CPU
		{3DDEB829-E17E-41D6-9FC7-2BABFE88C7C3}.Release|iPhone.Build.0 = Release|Any CPU
		{3DDEB829-E17E-41D6-9FC7-2BABFE88C7C3}.Release|iPhoneSimulator.ActiveCfg = Release|Any CPU
		{3DDEB829-E17E-41D6-9FC7-2BABFE88C7C3}.Release|iPhoneSimulator.Build.0 = Release|Any CPU
		{3DDEB829-E17E-41D6-9FC7-2BABFE88C7C3}.Release|x64.ActiveCfg = Release|Any CPU
		{3DDEB829-E17E-41D6-9FC7-2BABFE88C7C3}.Release|x64.Build.0 = Release|Any CPU
		{3DDEB829-E17E-41D6-9FC7-2BABFE88C7C3}.Release|x86.ActiveCfg = Release|Any CPU
		{3DDEB829-E17E-41D6-9FC7-2BABFE88C7C3}.Release|x86.Build.0 = Release|Any CPU
		{52CFE109-6A15-4309-9D07-E1620834FCDE}.Ad-Hoc|Any CPU.ActiveCfg = Release|Any CPU
		{52CFE109-6A15-4309-9D07-E1620834FCDE}.Ad-Hoc|Any CPU.Build.0 = Release|Any CPU
		{52CFE109-6A15-4309-9D07-E1620834FCDE}.Ad-Hoc|ARM.ActiveCfg = Release|Any CPU
		{52CFE109-6A15-4309-9D07-E1620834FCDE}.Ad-Hoc|ARM.Build.0 = Release|Any CPU
		{52CFE109-6A15-4309-9D07-E1620834FCDE}.Ad-Hoc|iPhone.ActiveCfg = Release|Any CPU
		{52CFE109-6A15-4309-9D07-E1620834FCDE}.Ad-Hoc|iPhone.Build.0 = Release|Any CPU
		{52CFE109-6A15-4309-9D07-E1620834FCDE}.Ad-Hoc|iPhoneSimulator.ActiveCfg = Release|Any CPU
		{52CFE109-6A15-4309-9D07-E1620834FCDE}.Ad-Hoc|iPhoneSimulator.Build.0 = Release|Any CPU
		{52CFE109-6A15-4309-9D07-E1620834FCDE}.Ad-Hoc|x64.ActiveCfg = Release|Any CPU
		{52CFE109-6A15-4309-9D07-E1620834FCDE}.Ad-Hoc|x64.Build.0 = Release|Any CPU
		{52CFE109-6A15-4309-9D07-E1620834FCDE}.Ad-Hoc|x86.ActiveCfg = Release|Any CPU
		{52CFE109-6A15-4309-9D07-E1620834FCDE}.Ad-Hoc|x86.Build.0 = Release|Any CPU
		{52CFE109-6A15-4309-9D07-E1620834FCDE}.AppStore|Any CPU.ActiveCfg = Release|Any CPU
		{52CFE109-6A15-4309-9D07-E1620834FCDE}.AppStore|Any CPU.Build.0 = Release|Any CPU
		{52CFE109-6A15-4309-9D07-E1620834FCDE}.AppStore|ARM.ActiveCfg = Release|Any CPU
		{52CFE109-6A15-4309-9D07-E1620834FCDE}.AppStore|ARM.Build.0 = Release|Any CPU
		{52CFE109-6A15-4309-9D07-E1620834FCDE}.AppStore|iPhone.ActiveCfg = Release|Any CPU
		{52CFE109-6A15-4309-9D07-E1620834FCDE}.AppStore|iPhone.Build.0 = Release|Any CPU
		{52CFE109-6A15-4309-9D07-E1620834FCDE}.AppStore|iPhoneSimulator.ActiveCfg = Release|Any CPU
		{52CFE109-6A15-4309-9D07-E1620834FCDE}.AppStore|iPhoneSimulator.Build.0 = Release|Any CPU
		{52CFE109-6A15-4309-9D07-E1620834FCDE}.AppStore|x64.ActiveCfg = Release|Any CPU
		{52CFE109-6A15-4309-9D07-E1620834FCDE}.AppStore|x64.Build.0 = Release|Any CPU
		{52CFE109-6A15-4309-9D07-E1620834FCDE}.AppStore|x86.ActiveCfg = Release|Any CPU
		{52CFE109-6A15-4309-9D07-E1620834FCDE}.AppStore|x86.Build.0 = Release|Any CPU
		{52CFE109-6A15-4309-9D07-E1620834FCDE}.Debug|Any CPU.ActiveCfg = Debug|Any CPU
		{52CFE109-6A15-4309-9D07-E1620834FCDE}.Debug|Any CPU.Build.0 = Debug|Any CPU
		{52CFE109-6A15-4309-9D07-E1620834FCDE}.Debug|ARM.ActiveCfg = Debug|Any CPU
		{52CFE109-6A15-4309-9D07-E1620834FCDE}.Debug|ARM.Build.0 = Debug|Any CPU
		{52CFE109-6A15-4309-9D07-E1620834FCDE}.Debug|iPhone.ActiveCfg = Debug|Any CPU
		{52CFE109-6A15-4309-9D07-E1620834FCDE}.Debug|iPhone.Build.0 = Debug|Any CPU
		{52CFE109-6A15-4309-9D07-E1620834FCDE}.Debug|iPhoneSimulator.ActiveCfg = Debug|Any CPU
		{52CFE109-6A15-4309-9D07-E1620834FCDE}.Debug|iPhoneSimulator.Build.0 = Debug|Any CPU
		{52CFE109-6A15-4309-9D07-E1620834FCDE}.Debug|x64.ActiveCfg = Debug|Any CPU
		{52CFE109-6A15-4309-9D07-E1620834FCDE}.Debug|x64.Build.0 = Debug|Any CPU
		{52CFE109-6A15-4309-9D07-E1620834FCDE}.Debug|x86.ActiveCfg = Debug|Any CPU
		{52CFE109-6A15-4309-9D07-E1620834FCDE}.Debug|x86.Build.0 = Debug|Any CPU
		{52CFE109-6A15-4309-9D07-E1620834FCDE}.Release|Any CPU.ActiveCfg = Release|Any CPU
		{52CFE109-6A15-4309-9D07-E1620834FCDE}.Release|Any CPU.Build.0 = Release|Any CPU
		{52CFE109-6A15-4309-9D07-E1620834FCDE}.Release|ARM.ActiveCfg = Release|Any CPU
		{52CFE109-6A15-4309-9D07-E1620834FCDE}.Release|ARM.Build.0 = Release|Any CPU
		{52CFE109-6A15-4309-9D07-E1620834FCDE}.Release|iPhone.ActiveCfg = Release|Any CPU
		{52CFE109-6A15-4309-9D07-E1620834FCDE}.Release|iPhone.Build.0 = Release|Any CPU
		{52CFE109-6A15-4309-9D07-E1620834FCDE}.Release|iPhoneSimulator.ActiveCfg = Release|Any CPU
		{52CFE109-6A15-4309-9D07-E1620834FCDE}.Release|iPhoneSimulator.Build.0 = Release|Any CPU
		{52CFE109-6A15-4309-9D07-E1620834FCDE}.Release|x64.ActiveCfg = Release|Any CPU
		{52CFE109-6A15-4309-9D07-E1620834FCDE}.Release|x64.Build.0 = Release|Any CPU
		{52CFE109-6A15-4309-9D07-E1620834FCDE}.Release|x86.ActiveCfg = Release|Any CPU
		{52CFE109-6A15-4309-9D07-E1620834FCDE}.Release|x86.Build.0 = Release|Any CPU
		{5F31A52C-FABA-46BD-8FB8-CE5121651844}.Ad-Hoc|Any CPU.ActiveCfg = Release|Any CPU
		{5F31A52C-FABA-46BD-8FB8-CE5121651844}.Ad-Hoc|Any CPU.Build.0 = Release|Any CPU
		{5F31A52C-FABA-46BD-8FB8-CE5121651844}.Ad-Hoc|Any CPU.Deploy.0 = Release|Any CPU
		{5F31A52C-FABA-46BD-8FB8-CE5121651844}.Ad-Hoc|ARM.ActiveCfg = Release|Any CPU
		{5F31A52C-FABA-46BD-8FB8-CE5121651844}.Ad-Hoc|ARM.Build.0 = Release|Any CPU
		{5F31A52C-FABA-46BD-8FB8-CE5121651844}.Ad-Hoc|ARM.Deploy.0 = Release|Any CPU
		{5F31A52C-FABA-46BD-8FB8-CE5121651844}.Ad-Hoc|iPhone.ActiveCfg = Release|Any CPU
		{5F31A52C-FABA-46BD-8FB8-CE5121651844}.Ad-Hoc|iPhone.Build.0 = Release|Any CPU
		{5F31A52C-FABA-46BD-8FB8-CE5121651844}.Ad-Hoc|iPhone.Deploy.0 = Release|Any CPU
		{5F31A52C-FABA-46BD-8FB8-CE5121651844}.Ad-Hoc|iPhoneSimulator.ActiveCfg = Release|Any CPU
		{5F31A52C-FABA-46BD-8FB8-CE5121651844}.Ad-Hoc|iPhoneSimulator.Build.0 = Release|Any CPU
		{5F31A52C-FABA-46BD-8FB8-CE5121651844}.Ad-Hoc|iPhoneSimulator.Deploy.0 = Release|Any CPU
		{5F31A52C-FABA-46BD-8FB8-CE5121651844}.Ad-Hoc|x64.ActiveCfg = Release|Any CPU
		{5F31A52C-FABA-46BD-8FB8-CE5121651844}.Ad-Hoc|x64.Build.0 = Release|Any CPU
		{5F31A52C-FABA-46BD-8FB8-CE5121651844}.Ad-Hoc|x64.Deploy.0 = Release|Any CPU
		{5F31A52C-FABA-46BD-8FB8-CE5121651844}.Ad-Hoc|x86.ActiveCfg = Release|Any CPU
		{5F31A52C-FABA-46BD-8FB8-CE5121651844}.Ad-Hoc|x86.Build.0 = Release|Any CPU
		{5F31A52C-FABA-46BD-8FB8-CE5121651844}.Ad-Hoc|x86.Deploy.0 = Release|Any CPU
		{5F31A52C-FABA-46BD-8FB8-CE5121651844}.AppStore|Any CPU.ActiveCfg = Release|Any CPU
		{5F31A52C-FABA-46BD-8FB8-CE5121651844}.AppStore|Any CPU.Build.0 = Release|Any CPU
		{5F31A52C-FABA-46BD-8FB8-CE5121651844}.AppStore|Any CPU.Deploy.0 = Release|Any CPU
		{5F31A52C-FABA-46BD-8FB8-CE5121651844}.AppStore|ARM.ActiveCfg = Release|Any CPU
		{5F31A52C-FABA-46BD-8FB8-CE5121651844}.AppStore|ARM.Build.0 = Release|Any CPU
		{5F31A52C-FABA-46BD-8FB8-CE5121651844}.AppStore|ARM.Deploy.0 = Release|Any CPU
		{5F31A52C-FABA-46BD-8FB8-CE5121651844}.AppStore|iPhone.ActiveCfg = Release|Any CPU
		{5F31A52C-FABA-46BD-8FB8-CE5121651844}.AppStore|iPhone.Build.0 = Release|Any CPU
		{5F31A52C-FABA-46BD-8FB8-CE5121651844}.AppStore|iPhone.Deploy.0 = Release|Any CPU
		{5F31A52C-FABA-46BD-8FB8-CE5121651844}.AppStore|iPhoneSimulator.ActiveCfg = Release|Any CPU
		{5F31A52C-FABA-46BD-8FB8-CE5121651844}.AppStore|iPhoneSimulator.Build.0 = Release|Any CPU
		{5F31A52C-FABA-46BD-8FB8-CE5121651844}.AppStore|iPhoneSimulator.Deploy.0 = Release|Any CPU
		{5F31A52C-FABA-46BD-8FB8-CE5121651844}.AppStore|x64.ActiveCfg = Release|Any CPU
		{5F31A52C-FABA-46BD-8FB8-CE5121651844}.AppStore|x64.Build.0 = Release|Any CPU
		{5F31A52C-FABA-46BD-8FB8-CE5121651844}.AppStore|x64.Deploy.0 = Release|Any CPU
		{5F31A52C-FABA-46BD-8FB8-CE5121651844}.AppStore|x86.ActiveCfg = Release|Any CPU
		{5F31A52C-FABA-46BD-8FB8-CE5121651844}.AppStore|x86.Build.0 = Release|Any CPU
		{5F31A52C-FABA-46BD-8FB8-CE5121651844}.AppStore|x86.Deploy.0 = Release|Any CPU
		{5F31A52C-FABA-46BD-8FB8-CE5121651844}.Debug|Any CPU.ActiveCfg = Debug|Any CPU
		{5F31A52C-FABA-46BD-8FB8-CE5121651844}.Debug|Any CPU.Build.0 = Debug|Any CPU
		{5F31A52C-FABA-46BD-8FB8-CE5121651844}.Debug|Any CPU.Deploy.0 = Debug|Any CPU
		{5F31A52C-FABA-46BD-8FB8-CE5121651844}.Debug|ARM.ActiveCfg = Debug|Any CPU
		{5F31A52C-FABA-46BD-8FB8-CE5121651844}.Debug|ARM.Build.0 = Debug|Any CPU
		{5F31A52C-FABA-46BD-8FB8-CE5121651844}.Debug|ARM.Deploy.0 = Debug|Any CPU
		{5F31A52C-FABA-46BD-8FB8-CE5121651844}.Debug|iPhone.ActiveCfg = Debug|Any CPU
		{5F31A52C-FABA-46BD-8FB8-CE5121651844}.Debug|iPhone.Build.0 = Debug|Any CPU
		{5F31A52C-FABA-46BD-8FB8-CE5121651844}.Debug|iPhone.Deploy.0 = Debug|Any CPU
		{5F31A52C-FABA-46BD-8FB8-CE5121651844}.Debug|iPhoneSimulator.ActiveCfg = Debug|Any CPU
		{5F31A52C-FABA-46BD-8FB8-CE5121651844}.Debug|iPhoneSimulator.Build.0 = Debug|Any CPU
		{5F31A52C-FABA-46BD-8FB8-CE5121651844}.Debug|iPhoneSimulator.Deploy.0 = Debug|Any CPU
		{5F31A52C-FABA-46BD-8FB8-CE5121651844}.Debug|x64.ActiveCfg = Debug|Any CPU
		{5F31A52C-FABA-46BD-8FB8-CE5121651844}.Debug|x64.Build.0 = Debug|Any CPU
		{5F31A52C-FABA-46BD-8FB8-CE5121651844}.Debug|x64.Deploy.0 = Debug|Any CPU
		{5F31A52C-FABA-46BD-8FB8-CE5121651844}.Debug|x86.ActiveCfg = Debug|Any CPU
		{5F31A52C-FABA-46BD-8FB8-CE5121651844}.Debug|x86.Build.0 = Debug|Any CPU
		{5F31A52C-FABA-46BD-8FB8-CE5121651844}.Debug|x86.Deploy.0 = Debug|Any CPU
		{5F31A52C-FABA-46BD-8FB8-CE5121651844}.Release|Any CPU.ActiveCfg = Release|Any CPU
		{5F31A52C-FABA-46BD-8FB8-CE5121651844}.Release|Any CPU.Build.0 = Release|Any CPU
		{5F31A52C-FABA-46BD-8FB8-CE5121651844}.Release|Any CPU.Deploy.0 = Release|Any CPU
		{5F31A52C-FABA-46BD-8FB8-CE5121651844}.Release|ARM.ActiveCfg = Release|Any CPU
		{5F31A52C-FABA-46BD-8FB8-CE5121651844}.Release|ARM.Build.0 = Release|Any CPU
		{5F31A52C-FABA-46BD-8FB8-CE5121651844}.Release|ARM.Deploy.0 = Release|Any CPU
		{5F31A52C-FABA-46BD-8FB8-CE5121651844}.Release|iPhone.ActiveCfg = Release|Any CPU
		{5F31A52C-FABA-46BD-8FB8-CE5121651844}.Release|iPhone.Build.0 = Release|Any CPU
		{5F31A52C-FABA-46BD-8FB8-CE5121651844}.Release|iPhone.Deploy.0 = Release|Any CPU
		{5F31A52C-FABA-46BD-8FB8-CE5121651844}.Release|iPhoneSimulator.ActiveCfg = Release|Any CPU
		{5F31A52C-FABA-46BD-8FB8-CE5121651844}.Release|iPhoneSimulator.Build.0 = Release|Any CPU
		{5F31A52C-FABA-46BD-8FB8-CE5121651844}.Release|iPhoneSimulator.Deploy.0 = Release|Any CPU
		{5F31A52C-FABA-46BD-8FB8-CE5121651844}.Release|x64.ActiveCfg = Release|Any CPU
		{5F31A52C-FABA-46BD-8FB8-CE5121651844}.Release|x64.Build.0 = Release|Any CPU
		{5F31A52C-FABA-46BD-8FB8-CE5121651844}.Release|x64.Deploy.0 = Release|Any CPU
		{5F31A52C-FABA-46BD-8FB8-CE5121651844}.Release|x86.ActiveCfg = Release|Any CPU
		{5F31A52C-FABA-46BD-8FB8-CE5121651844}.Release|x86.Build.0 = Release|Any CPU
		{5F31A52C-FABA-46BD-8FB8-CE5121651844}.Release|x86.Deploy.0 = Release|Any CPU
		{27BCC1B5-533B-4C0F-9E16-5C44CC23A06A}.Ad-Hoc|Any CPU.ActiveCfg = Ad-Hoc|iPhone
		{27BCC1B5-533B-4C0F-9E16-5C44CC23A06A}.Ad-Hoc|ARM.ActiveCfg = Ad-Hoc|iPhone
		{27BCC1B5-533B-4C0F-9E16-5C44CC23A06A}.Ad-Hoc|iPhone.ActiveCfg = Ad-Hoc|iPhone
		{27BCC1B5-533B-4C0F-9E16-5C44CC23A06A}.Ad-Hoc|iPhone.Build.0 = Ad-Hoc|iPhone
		{27BCC1B5-533B-4C0F-9E16-5C44CC23A06A}.Ad-Hoc|iPhoneSimulator.ActiveCfg = Ad-Hoc|iPhoneSimulator
		{27BCC1B5-533B-4C0F-9E16-5C44CC23A06A}.Ad-Hoc|iPhoneSimulator.Build.0 = Ad-Hoc|iPhoneSimulator
		{27BCC1B5-533B-4C0F-9E16-5C44CC23A06A}.Ad-Hoc|x64.ActiveCfg = Ad-Hoc|iPhone
		{27BCC1B5-533B-4C0F-9E16-5C44CC23A06A}.Ad-Hoc|x86.ActiveCfg = Ad-Hoc|iPhone
		{27BCC1B5-533B-4C0F-9E16-5C44CC23A06A}.AppStore|Any CPU.ActiveCfg = AppStore|iPhone
		{27BCC1B5-533B-4C0F-9E16-5C44CC23A06A}.AppStore|ARM.ActiveCfg = AppStore|iPhone
		{27BCC1B5-533B-4C0F-9E16-5C44CC23A06A}.AppStore|iPhone.ActiveCfg = AppStore|iPhone
		{27BCC1B5-533B-4C0F-9E16-5C44CC23A06A}.AppStore|iPhone.Build.0 = AppStore|iPhone
		{27BCC1B5-533B-4C0F-9E16-5C44CC23A06A}.AppStore|iPhoneSimulator.ActiveCfg = AppStore|iPhoneSimulator
		{27BCC1B5-533B-4C0F-9E16-5C44CC23A06A}.AppStore|iPhoneSimulator.Build.0 = AppStore|iPhoneSimulator
		{27BCC1B5-533B-4C0F-9E16-5C44CC23A06A}.AppStore|x64.ActiveCfg = AppStore|iPhone
		{27BCC1B5-533B-4C0F-9E16-5C44CC23A06A}.AppStore|x86.ActiveCfg = AppStore|iPhone
		{27BCC1B5-533B-4C0F-9E16-5C44CC23A06A}.Debug|Any CPU.ActiveCfg = Debug|iPhone
		{27BCC1B5-533B-4C0F-9E16-5C44CC23A06A}.Debug|ARM.ActiveCfg = Debug|iPhone
		{27BCC1B5-533B-4C0F-9E16-5C44CC23A06A}.Debug|iPhone.ActiveCfg = Debug|iPhone
		{27BCC1B5-533B-4C0F-9E16-5C44CC23A06A}.Debug|iPhone.Build.0 = Debug|iPhone
		{27BCC1B5-533B-4C0F-9E16-5C44CC23A06A}.Debug|iPhoneSimulator.ActiveCfg = Debug|iPhoneSimulator
		{27BCC1B5-533B-4C0F-9E16-5C44CC23A06A}.Debug|iPhoneSimulator.Build.0 = Debug|iPhoneSimulator
		{27BCC1B5-533B-4C0F-9E16-5C44CC23A06A}.Debug|x64.ActiveCfg = Debug|iPhone
		{27BCC1B5-533B-4C0F-9E16-5C44CC23A06A}.Debug|x86.ActiveCfg = Debug|iPhone
		{27BCC1B5-533B-4C0F-9E16-5C44CC23A06A}.Release|Any CPU.ActiveCfg = Release|iPhone
		{27BCC1B5-533B-4C0F-9E16-5C44CC23A06A}.Release|ARM.ActiveCfg = Release|iPhone
		{27BCC1B5-533B-4C0F-9E16-5C44CC23A06A}.Release|iPhone.ActiveCfg = Release|iPhone
		{27BCC1B5-533B-4C0F-9E16-5C44CC23A06A}.Release|iPhone.Build.0 = Release|iPhone
		{27BCC1B5-533B-4C0F-9E16-5C44CC23A06A}.Release|iPhoneSimulator.ActiveCfg = Release|iPhoneSimulator
		{27BCC1B5-533B-4C0F-9E16-5C44CC23A06A}.Release|iPhoneSimulator.Build.0 = Release|iPhoneSimulator
		{27BCC1B5-533B-4C0F-9E16-5C44CC23A06A}.Release|x64.ActiveCfg = Release|iPhone
		{27BCC1B5-533B-4C0F-9E16-5C44CC23A06A}.Release|x86.ActiveCfg = Release|iPhone
		{D3F10823-48F9-429F-8CB3-DC335BAE3BCB}.Ad-Hoc|Any CPU.ActiveCfg = Release|Any CPU
		{D3F10823-48F9-429F-8CB3-DC335BAE3BCB}.Ad-Hoc|Any CPU.Build.0 = Release|Any CPU
		{D3F10823-48F9-429F-8CB3-DC335BAE3BCB}.Ad-Hoc|Any CPU.Deploy.0 = Release|Any CPU
		{D3F10823-48F9-429F-8CB3-DC335BAE3BCB}.Ad-Hoc|ARM.ActiveCfg = Release|ARM
		{D3F10823-48F9-429F-8CB3-DC335BAE3BCB}.Ad-Hoc|ARM.Build.0 = Release|ARM
		{D3F10823-48F9-429F-8CB3-DC335BAE3BCB}.Ad-Hoc|ARM.Deploy.0 = Release|ARM
		{D3F10823-48F9-429F-8CB3-DC335BAE3BCB}.Ad-Hoc|iPhone.ActiveCfg = Release|Any CPU
		{D3F10823-48F9-429F-8CB3-DC335BAE3BCB}.Ad-Hoc|iPhone.Build.0 = Release|Any CPU
		{D3F10823-48F9-429F-8CB3-DC335BAE3BCB}.Ad-Hoc|iPhone.Deploy.0 = Release|Any CPU
		{D3F10823-48F9-429F-8CB3-DC335BAE3BCB}.Ad-Hoc|iPhoneSimulator.ActiveCfg = Release|Any CPU
		{D3F10823-48F9-429F-8CB3-DC335BAE3BCB}.Ad-Hoc|iPhoneSimulator.Build.0 = Release|Any CPU
		{D3F10823-48F9-429F-8CB3-DC335BAE3BCB}.Ad-Hoc|iPhoneSimulator.Deploy.0 = Release|Any CPU
		{D3F10823-48F9-429F-8CB3-DC335BAE3BCB}.Ad-Hoc|x64.ActiveCfg = Release|Any CPU
		{D3F10823-48F9-429F-8CB3-DC335BAE3BCB}.Ad-Hoc|x64.Build.0 = Release|Any CPU
		{D3F10823-48F9-429F-8CB3-DC335BAE3BCB}.Ad-Hoc|x64.Deploy.0 = Release|Any CPU
		{D3F10823-48F9-429F-8CB3-DC335BAE3BCB}.Ad-Hoc|x86.ActiveCfg = Release|x86
		{D3F10823-48F9-429F-8CB3-DC335BAE3BCB}.Ad-Hoc|x86.Build.0 = Release|x86
		{D3F10823-48F9-429F-8CB3-DC335BAE3BCB}.Ad-Hoc|x86.Deploy.0 = Release|x86
		{D3F10823-48F9-429F-8CB3-DC335BAE3BCB}.AppStore|Any CPU.ActiveCfg = Release|Any CPU
		{D3F10823-48F9-429F-8CB3-DC335BAE3BCB}.AppStore|Any CPU.Build.0 = Release|Any CPU
		{D3F10823-48F9-429F-8CB3-DC335BAE3BCB}.AppStore|Any CPU.Deploy.0 = Release|Any CPU
		{D3F10823-48F9-429F-8CB3-DC335BAE3BCB}.AppStore|ARM.ActiveCfg = Release|ARM
		{D3F10823-48F9-429F-8CB3-DC335BAE3BCB}.AppStore|ARM.Build.0 = Release|ARM
		{D3F10823-48F9-429F-8CB3-DC335BAE3BCB}.AppStore|ARM.Deploy.0 = Release|ARM
		{D3F10823-48F9-429F-8CB3-DC335BAE3BCB}.AppStore|iPhone.ActiveCfg = Release|Any CPU
		{D3F10823-48F9-429F-8CB3-DC335BAE3BCB}.AppStore|iPhone.Build.0 = Release|Any CPU
		{D3F10823-48F9-429F-8CB3-DC335BAE3BCB}.AppStore|iPhone.Deploy.0 = Release|Any CPU
		{D3F10823-48F9-429F-8CB3-DC335BAE3BCB}.AppStore|iPhoneSimulator.ActiveCfg = Release|Any CPU
		{D3F10823-48F9-429F-8CB3-DC335BAE3BCB}.AppStore|iPhoneSimulator.Build.0 = Release|Any CPU
		{D3F10823-48F9-429F-8CB3-DC335BAE3BCB}.AppStore|iPhoneSimulator.Deploy.0 = Release|Any CPU
		{D3F10823-48F9-429F-8CB3-DC335BAE3BCB}.AppStore|x64.ActiveCfg = Release|Any CPU
		{D3F10823-48F9-429F-8CB3-DC335BAE3BCB}.AppStore|x64.Build.0 = Release|Any CPU
		{D3F10823-48F9-429F-8CB3-DC335BAE3BCB}.AppStore|x64.Deploy.0 = Release|Any CPU
		{D3F10823-48F9-429F-8CB3-DC335BAE3BCB}.AppStore|x86.ActiveCfg = Release|x86
		{D3F10823-48F9-429F-8CB3-DC335BAE3BCB}.AppStore|x86.Build.0 = Release|x86
		{D3F10823-48F9-429F-8CB3-DC335BAE3BCB}.AppStore|x86.Deploy.0 = Release|x86
		{D3F10823-48F9-429F-8CB3-DC335BAE3BCB}.Debug|Any CPU.ActiveCfg = Debug|Any CPU
		{D3F10823-48F9-429F-8CB3-DC335BAE3BCB}.Debug|Any CPU.Build.0 = Debug|Any CPU
		{D3F10823-48F9-429F-8CB3-DC335BAE3BCB}.Debug|Any CPU.Deploy.0 = Debug|Any CPU
		{D3F10823-48F9-429F-8CB3-DC335BAE3BCB}.Debug|ARM.ActiveCfg = Debug|ARM
		{D3F10823-48F9-429F-8CB3-DC335BAE3BCB}.Debug|ARM.Build.0 = Debug|ARM
		{D3F10823-48F9-429F-8CB3-DC335BAE3BCB}.Debug|ARM.Deploy.0 = Debug|ARM
		{D3F10823-48F9-429F-8CB3-DC335BAE3BCB}.Debug|iPhone.ActiveCfg = Debug|Any CPU
		{D3F10823-48F9-429F-8CB3-DC335BAE3BCB}.Debug|iPhone.Build.0 = Debug|Any CPU
		{D3F10823-48F9-429F-8CB3-DC335BAE3BCB}.Debug|iPhone.Deploy.0 = Debug|Any CPU
		{D3F10823-48F9-429F-8CB3-DC335BAE3BCB}.Debug|iPhoneSimulator.ActiveCfg = Debug|Any CPU
		{D3F10823-48F9-429F-8CB3-DC335BAE3BCB}.Debug|iPhoneSimulator.Build.0 = Debug|Any CPU
		{D3F10823-48F9-429F-8CB3-DC335BAE3BCB}.Debug|iPhoneSimulator.Deploy.0 = Debug|Any CPU
		{D3F10823-48F9-429F-8CB3-DC335BAE3BCB}.Debug|x64.ActiveCfg = Debug|Any CPU
		{D3F10823-48F9-429F-8CB3-DC335BAE3BCB}.Debug|x64.Build.0 = Debug|Any CPU
		{D3F10823-48F9-429F-8CB3-DC335BAE3BCB}.Debug|x64.Deploy.0 = Debug|Any CPU
		{D3F10823-48F9-429F-8CB3-DC335BAE3BCB}.Debug|x86.ActiveCfg = Debug|x86
		{D3F10823-48F9-429F-8CB3-DC335BAE3BCB}.Debug|x86.Build.0 = Debug|x86
		{D3F10823-48F9-429F-8CB3-DC335BAE3BCB}.Debug|x86.Deploy.0 = Debug|x86
		{D3F10823-48F9-429F-8CB3-DC335BAE3BCB}.Release|Any CPU.ActiveCfg = Release|Any CPU
		{D3F10823-48F9-429F-8CB3-DC335BAE3BCB}.Release|Any CPU.Build.0 = Release|Any CPU
		{D3F10823-48F9-429F-8CB3-DC335BAE3BCB}.Release|Any CPU.Deploy.0 = Release|Any CPU
		{D3F10823-48F9-429F-8CB3-DC335BAE3BCB}.Release|ARM.ActiveCfg = Release|ARM
		{D3F10823-48F9-429F-8CB3-DC335BAE3BCB}.Release|ARM.Build.0 = Release|ARM
		{D3F10823-48F9-429F-8CB3-DC335BAE3BCB}.Release|ARM.Deploy.0 = Release|ARM
		{D3F10823-48F9-429F-8CB3-DC335BAE3BCB}.Release|iPhone.ActiveCfg = Release|Any CPU
		{D3F10823-48F9-429F-8CB3-DC335BAE3BCB}.Release|iPhone.Build.0 = Release|Any CPU
		{D3F10823-48F9-429F-8CB3-DC335BAE3BCB}.Release|iPhone.Deploy.0 = Release|Any CPU
		{D3F10823-48F9-429F-8CB3-DC335BAE3BCB}.Release|iPhoneSimulator.ActiveCfg = Release|Any CPU
		{D3F10823-48F9-429F-8CB3-DC335BAE3BCB}.Release|iPhoneSimulator.Build.0 = Release|Any CPU
		{D3F10823-48F9-429F-8CB3-DC335BAE3BCB}.Release|iPhoneSimulator.Deploy.0 = Release|Any CPU
		{D3F10823-48F9-429F-8CB3-DC335BAE3BCB}.Release|x64.ActiveCfg = Release|Any CPU
		{D3F10823-48F9-429F-8CB3-DC335BAE3BCB}.Release|x64.Build.0 = Release|Any CPU
		{D3F10823-48F9-429F-8CB3-DC335BAE3BCB}.Release|x64.Deploy.0 = Release|Any CPU
		{D3F10823-48F9-429F-8CB3-DC335BAE3BCB}.Release|x86.ActiveCfg = Release|x86
		{D3F10823-48F9-429F-8CB3-DC335BAE3BCB}.Release|x86.Build.0 = Release|x86
		{D3F10823-48F9-429F-8CB3-DC335BAE3BCB}.Release|x86.Deploy.0 = Release|x86
		{DA4297F0-2D22-41DD-97BD-57BD8549A30C}.Ad-Hoc|Any CPU.ActiveCfg = Release|x86
		{DA4297F0-2D22-41DD-97BD-57BD8549A30C}.Ad-Hoc|Any CPU.Build.0 = Release|x86
		{DA4297F0-2D22-41DD-97BD-57BD8549A30C}.Ad-Hoc|Any CPU.Deploy.0 = Release|x86
		{DA4297F0-2D22-41DD-97BD-57BD8549A30C}.Ad-Hoc|ARM.ActiveCfg = Release|ARM
		{DA4297F0-2D22-41DD-97BD-57BD8549A30C}.Ad-Hoc|ARM.Build.0 = Release|ARM
		{DA4297F0-2D22-41DD-97BD-57BD8549A30C}.Ad-Hoc|ARM.Deploy.0 = Release|ARM
		{DA4297F0-2D22-41DD-97BD-57BD8549A30C}.Ad-Hoc|iPhone.ActiveCfg = Release|x86
		{DA4297F0-2D22-41DD-97BD-57BD8549A30C}.Ad-Hoc|iPhone.Build.0 = Release|x86
		{DA4297F0-2D22-41DD-97BD-57BD8549A30C}.Ad-Hoc|iPhone.Deploy.0 = Release|x86
		{DA4297F0-2D22-41DD-97BD-57BD8549A30C}.Ad-Hoc|iPhoneSimulator.ActiveCfg = Release|x86
		{DA4297F0-2D22-41DD-97BD-57BD8549A30C}.Ad-Hoc|iPhoneSimulator.Build.0 = Release|x86
		{DA4297F0-2D22-41DD-97BD-57BD8549A30C}.Ad-Hoc|iPhoneSimulator.Deploy.0 = Release|x86
		{DA4297F0-2D22-41DD-97BD-57BD8549A30C}.Ad-Hoc|x64.ActiveCfg = Release|x64
		{DA4297F0-2D22-41DD-97BD-57BD8549A30C}.Ad-Hoc|x64.Build.0 = Release|x64
		{DA4297F0-2D22-41DD-97BD-57BD8549A30C}.Ad-Hoc|x64.Deploy.0 = Release|x64
		{DA4297F0-2D22-41DD-97BD-57BD8549A30C}.Ad-Hoc|x86.ActiveCfg = Release|x86
		{DA4297F0-2D22-41DD-97BD-57BD8549A30C}.Ad-Hoc|x86.Build.0 = Release|x86
		{DA4297F0-2D22-41DD-97BD-57BD8549A30C}.Ad-Hoc|x86.Deploy.0 = Release|x86
		{DA4297F0-2D22-41DD-97BD-57BD8549A30C}.AppStore|Any CPU.ActiveCfg = Release|x86
		{DA4297F0-2D22-41DD-97BD-57BD8549A30C}.AppStore|Any CPU.Build.0 = Release|x86
		{DA4297F0-2D22-41DD-97BD-57BD8549A30C}.AppStore|Any CPU.Deploy.0 = Release|x86
		{DA4297F0-2D22-41DD-97BD-57BD8549A30C}.AppStore|ARM.ActiveCfg = Release|ARM
		{DA4297F0-2D22-41DD-97BD-57BD8549A30C}.AppStore|ARM.Build.0 = Release|ARM
		{DA4297F0-2D22-41DD-97BD-57BD8549A30C}.AppStore|ARM.Deploy.0 = Release|ARM
		{DA4297F0-2D22-41DD-97BD-57BD8549A30C}.AppStore|iPhone.ActiveCfg = Release|x86
		{DA4297F0-2D22-41DD-97BD-57BD8549A30C}.AppStore|iPhone.Build.0 = Release|x86
		{DA4297F0-2D22-41DD-97BD-57BD8549A30C}.AppStore|iPhone.Deploy.0 = Release|x86
		{DA4297F0-2D22-41DD-97BD-57BD8549A30C}.AppStore|iPhoneSimulator.ActiveCfg = Release|x86
		{DA4297F0-2D22-41DD-97BD-57BD8549A30C}.AppStore|iPhoneSimulator.Build.0 = Release|x86
		{DA4297F0-2D22-41DD-97BD-57BD8549A30C}.AppStore|iPhoneSimulator.Deploy.0 = Release|x86
		{DA4297F0-2D22-41DD-97BD-57BD8549A30C}.AppStore|x64.ActiveCfg = Release|x64
		{DA4297F0-2D22-41DD-97BD-57BD8549A30C}.AppStore|x64.Build.0 = Release|x64
		{DA4297F0-2D22-41DD-97BD-57BD8549A30C}.AppStore|x64.Deploy.0 = Release|x64
		{DA4297F0-2D22-41DD-97BD-57BD8549A30C}.AppStore|x86.ActiveCfg = Release|x86
		{DA4297F0-2D22-41DD-97BD-57BD8549A30C}.AppStore|x86.Build.0 = Release|x86
		{DA4297F0-2D22-41DD-97BD-57BD8549A30C}.AppStore|x86.Deploy.0 = Release|x86
		{DA4297F0-2D22-41DD-97BD-57BD8549A30C}.Debug|Any CPU.ActiveCfg = Debug|x86
		{DA4297F0-2D22-41DD-97BD-57BD8549A30C}.Debug|ARM.ActiveCfg = Debug|ARM
		{DA4297F0-2D22-41DD-97BD-57BD8549A30C}.Debug|ARM.Build.0 = Debug|ARM
		{DA4297F0-2D22-41DD-97BD-57BD8549A30C}.Debug|ARM.Deploy.0 = Debug|ARM
		{DA4297F0-2D22-41DD-97BD-57BD8549A30C}.Debug|iPhone.ActiveCfg = Debug|x86
		{DA4297F0-2D22-41DD-97BD-57BD8549A30C}.Debug|iPhoneSimulator.ActiveCfg = Debug|x86
		{DA4297F0-2D22-41DD-97BD-57BD8549A30C}.Debug|x64.ActiveCfg = Debug|x64
		{DA4297F0-2D22-41DD-97BD-57BD8549A30C}.Debug|x64.Build.0 = Debug|x64
		{DA4297F0-2D22-41DD-97BD-57BD8549A30C}.Debug|x64.Deploy.0 = Debug|x64
		{DA4297F0-2D22-41DD-97BD-57BD8549A30C}.Debug|x86.ActiveCfg = Debug|x86
		{DA4297F0-2D22-41DD-97BD-57BD8549A30C}.Debug|x86.Build.0 = Debug|x86
		{DA4297F0-2D22-41DD-97BD-57BD8549A30C}.Debug|x86.Deploy.0 = Debug|x86
		{DA4297F0-2D22-41DD-97BD-57BD8549A30C}.Release|Any CPU.ActiveCfg = Release|x86
		{DA4297F0-2D22-41DD-97BD-57BD8549A30C}.Release|ARM.ActiveCfg = Release|ARM
		{DA4297F0-2D22-41DD-97BD-57BD8549A30C}.Release|ARM.Build.0 = Release|ARM
		{DA4297F0-2D22-41DD-97BD-57BD8549A30C}.Release|ARM.Deploy.0 = Release|ARM
		{DA4297F0-2D22-41DD-97BD-57BD8549A30C}.Release|iPhone.ActiveCfg = Release|x86
		{DA4297F0-2D22-41DD-97BD-57BD8549A30C}.Release|iPhoneSimulator.ActiveCfg = Release|x86
		{DA4297F0-2D22-41DD-97BD-57BD8549A30C}.Release|x64.ActiveCfg = Release|x64
		{DA4297F0-2D22-41DD-97BD-57BD8549A30C}.Release|x64.Build.0 = Release|x64
		{DA4297F0-2D22-41DD-97BD-57BD8549A30C}.Release|x64.Deploy.0 = Release|x64
		{DA4297F0-2D22-41DD-97BD-57BD8549A30C}.Release|x86.ActiveCfg = Release|x86
		{DA4297F0-2D22-41DD-97BD-57BD8549A30C}.Release|x86.Build.0 = Release|x86
		{DA4297F0-2D22-41DD-97BD-57BD8549A30C}.Release|x86.Deploy.0 = Release|x86
		{731FCA40-B3BB-4E46-8ABB-F361776AE797}.Ad-Hoc|Any CPU.ActiveCfg = Release|Any CPU
		{731FCA40-B3BB-4E46-8ABB-F361776AE797}.Ad-Hoc|Any CPU.Build.0 = Release|Any CPU
		{731FCA40-B3BB-4E46-8ABB-F361776AE797}.Ad-Hoc|Any CPU.Deploy.0 = Release|Any CPU
		{731FCA40-B3BB-4E46-8ABB-F361776AE797}.Ad-Hoc|ARM.ActiveCfg = Release|ARM
		{731FCA40-B3BB-4E46-8ABB-F361776AE797}.Ad-Hoc|ARM.Build.0 = Release|ARM
		{731FCA40-B3BB-4E46-8ABB-F361776AE797}.Ad-Hoc|ARM.Deploy.0 = Release|ARM
		{731FCA40-B3BB-4E46-8ABB-F361776AE797}.Ad-Hoc|iPhone.ActiveCfg = Release|Any CPU
		{731FCA40-B3BB-4E46-8ABB-F361776AE797}.Ad-Hoc|iPhone.Build.0 = Release|Any CPU
		{731FCA40-B3BB-4E46-8ABB-F361776AE797}.Ad-Hoc|iPhone.Deploy.0 = Release|Any CPU
		{731FCA40-B3BB-4E46-8ABB-F361776AE797}.Ad-Hoc|iPhoneSimulator.ActiveCfg = Release|Any CPU
		{731FCA40-B3BB-4E46-8ABB-F361776AE797}.Ad-Hoc|iPhoneSimulator.Build.0 = Release|Any CPU
		{731FCA40-B3BB-4E46-8ABB-F361776AE797}.Ad-Hoc|iPhoneSimulator.Deploy.0 = Release|Any CPU
		{731FCA40-B3BB-4E46-8ABB-F361776AE797}.Ad-Hoc|x64.ActiveCfg = Release|x64
		{731FCA40-B3BB-4E46-8ABB-F361776AE797}.Ad-Hoc|x64.Build.0 = Release|x64
		{731FCA40-B3BB-4E46-8ABB-F361776AE797}.Ad-Hoc|x64.Deploy.0 = Release|x64
		{731FCA40-B3BB-4E46-8ABB-F361776AE797}.Ad-Hoc|x86.ActiveCfg = Release|x86
		{731FCA40-B3BB-4E46-8ABB-F361776AE797}.Ad-Hoc|x86.Build.0 = Release|x86
		{731FCA40-B3BB-4E46-8ABB-F361776AE797}.Ad-Hoc|x86.Deploy.0 = Release|x86
		{731FCA40-B3BB-4E46-8ABB-F361776AE797}.AppStore|Any CPU.ActiveCfg = Release|Any CPU
		{731FCA40-B3BB-4E46-8ABB-F361776AE797}.AppStore|Any CPU.Build.0 = Release|Any CPU
		{731FCA40-B3BB-4E46-8ABB-F361776AE797}.AppStore|Any CPU.Deploy.0 = Release|Any CPU
		{731FCA40-B3BB-4E46-8ABB-F361776AE797}.AppStore|ARM.ActiveCfg = Release|ARM
		{731FCA40-B3BB-4E46-8ABB-F361776AE797}.AppStore|ARM.Build.0 = Release|ARM
		{731FCA40-B3BB-4E46-8ABB-F361776AE797}.AppStore|ARM.Deploy.0 = Release|ARM
		{731FCA40-B3BB-4E46-8ABB-F361776AE797}.AppStore|iPhone.ActiveCfg = Release|Any CPU
		{731FCA40-B3BB-4E46-8ABB-F361776AE797}.AppStore|iPhone.Build.0 = Release|Any CPU
		{731FCA40-B3BB-4E46-8ABB-F361776AE797}.AppStore|iPhone.Deploy.0 = Release|Any CPU
		{731FCA40-B3BB-4E46-8ABB-F361776AE797}.AppStore|iPhoneSimulator.ActiveCfg = Release|Any CPU
		{731FCA40-B3BB-4E46-8ABB-F361776AE797}.AppStore|iPhoneSimulator.Build.0 = Release|Any CPU
		{731FCA40-B3BB-4E46-8ABB-F361776AE797}.AppStore|iPhoneSimulator.Deploy.0 = Release|Any CPU
		{731FCA40-B3BB-4E46-8ABB-F361776AE797}.AppStore|x64.ActiveCfg = Release|x64
		{731FCA40-B3BB-4E46-8ABB-F361776AE797}.AppStore|x64.Build.0 = Release|x64
		{731FCA40-B3BB-4E46-8ABB-F361776AE797}.AppStore|x64.Deploy.0 = Release|x64
		{731FCA40-B3BB-4E46-8ABB-F361776AE797}.AppStore|x86.ActiveCfg = Release|x86
		{731FCA40-B3BB-4E46-8ABB-F361776AE797}.AppStore|x86.Build.0 = Release|x86
		{731FCA40-B3BB-4E46-8ABB-F361776AE797}.AppStore|x86.Deploy.0 = Release|x86
		{731FCA40-B3BB-4E46-8ABB-F361776AE797}.Debug|Any CPU.ActiveCfg = Debug|Any CPU
		{731FCA40-B3BB-4E46-8ABB-F361776AE797}.Debug|Any CPU.Build.0 = Debug|Any CPU
		{731FCA40-B3BB-4E46-8ABB-F361776AE797}.Debug|Any CPU.Deploy.0 = Debug|Any CPU
		{731FCA40-B3BB-4E46-8ABB-F361776AE797}.Debug|ARM.ActiveCfg = Debug|ARM
		{731FCA40-B3BB-4E46-8ABB-F361776AE797}.Debug|ARM.Build.0 = Debug|ARM
		{731FCA40-B3BB-4E46-8ABB-F361776AE797}.Debug|ARM.Deploy.0 = Debug|ARM
		{731FCA40-B3BB-4E46-8ABB-F361776AE797}.Debug|iPhone.ActiveCfg = Debug|Any CPU
		{731FCA40-B3BB-4E46-8ABB-F361776AE797}.Debug|iPhone.Build.0 = Debug|Any CPU
		{731FCA40-B3BB-4E46-8ABB-F361776AE797}.Debug|iPhone.Deploy.0 = Debug|Any CPU
		{731FCA40-B3BB-4E46-8ABB-F361776AE797}.Debug|iPhoneSimulator.ActiveCfg = Debug|Any CPU
		{731FCA40-B3BB-4E46-8ABB-F361776AE797}.Debug|iPhoneSimulator.Build.0 = Debug|Any CPU
		{731FCA40-B3BB-4E46-8ABB-F361776AE797}.Debug|iPhoneSimulator.Deploy.0 = Debug|Any CPU
		{731FCA40-B3BB-4E46-8ABB-F361776AE797}.Debug|x64.ActiveCfg = Debug|x64
		{731FCA40-B3BB-4E46-8ABB-F361776AE797}.Debug|x64.Build.0 = Debug|x64
		{731FCA40-B3BB-4E46-8ABB-F361776AE797}.Debug|x64.Deploy.0 = Debug|x64
		{731FCA40-B3BB-4E46-8ABB-F361776AE797}.Debug|x86.ActiveCfg = Debug|x86
		{731FCA40-B3BB-4E46-8ABB-F361776AE797}.Debug|x86.Build.0 = Debug|x86
		{731FCA40-B3BB-4E46-8ABB-F361776AE797}.Debug|x86.Deploy.0 = Debug|x86
		{731FCA40-B3BB-4E46-8ABB-F361776AE797}.Release|Any CPU.ActiveCfg = Release|Any CPU
		{731FCA40-B3BB-4E46-8ABB-F361776AE797}.Release|Any CPU.Build.0 = Release|Any CPU
		{731FCA40-B3BB-4E46-8ABB-F361776AE797}.Release|Any CPU.Deploy.0 = Release|Any CPU
		{731FCA40-B3BB-4E46-8ABB-F361776AE797}.Release|ARM.ActiveCfg = Release|ARM
		{731FCA40-B3BB-4E46-8ABB-F361776AE797}.Release|ARM.Build.0 = Release|ARM
		{731FCA40-B3BB-4E46-8ABB-F361776AE797}.Release|ARM.Deploy.0 = Release|ARM
		{731FCA40-B3BB-4E46-8ABB-F361776AE797}.Release|iPhone.ActiveCfg = Release|Any CPU
		{731FCA40-B3BB-4E46-8ABB-F361776AE797}.Release|iPhone.Build.0 = Release|Any CPU
		{731FCA40-B3BB-4E46-8ABB-F361776AE797}.Release|iPhone.Deploy.0 = Release|Any CPU
		{731FCA40-B3BB-4E46-8ABB-F361776AE797}.Release|iPhoneSimulator.ActiveCfg = Release|Any CPU
		{731FCA40-B3BB-4E46-8ABB-F361776AE797}.Release|iPhoneSimulator.Build.0 = Release|Any CPU
		{731FCA40-B3BB-4E46-8ABB-F361776AE797}.Release|iPhoneSimulator.Deploy.0 = Release|Any CPU
		{731FCA40-B3BB-4E46-8ABB-F361776AE797}.Release|x64.ActiveCfg = Release|x64
		{731FCA40-B3BB-4E46-8ABB-F361776AE797}.Release|x64.Build.0 = Release|x64
		{731FCA40-B3BB-4E46-8ABB-F361776AE797}.Release|x64.Deploy.0 = Release|x64
		{731FCA40-B3BB-4E46-8ABB-F361776AE797}.Release|x86.ActiveCfg = Release|x86
		{731FCA40-B3BB-4E46-8ABB-F361776AE797}.Release|x86.Build.0 = Release|x86
		{731FCA40-B3BB-4E46-8ABB-F361776AE797}.Release|x86.Deploy.0 = Release|x86
		{34B3165D-01B2-4304-A56A-204F28400CF8}.Ad-Hoc|Any CPU.ActiveCfg = Release|Any CPU
		{34B3165D-01B2-4304-A56A-204F28400CF8}.Ad-Hoc|Any CPU.Build.0 = Release|Any CPU
		{34B3165D-01B2-4304-A56A-204F28400CF8}.Ad-Hoc|ARM.ActiveCfg = Release|Any CPU
		{34B3165D-01B2-4304-A56A-204F28400CF8}.Ad-Hoc|ARM.Build.0 = Release|Any CPU
		{34B3165D-01B2-4304-A56A-204F28400CF8}.Ad-Hoc|iPhone.ActiveCfg = Release|Any CPU
		{34B3165D-01B2-4304-A56A-204F28400CF8}.Ad-Hoc|iPhone.Build.0 = Release|Any CPU
		{34B3165D-01B2-4304-A56A-204F28400CF8}.Ad-Hoc|iPhoneSimulator.ActiveCfg = Release|Any CPU
		{34B3165D-01B2-4304-A56A-204F28400CF8}.Ad-Hoc|iPhoneSimulator.Build.0 = Release|Any CPU
		{34B3165D-01B2-4304-A56A-204F28400CF8}.Ad-Hoc|x64.ActiveCfg = Release|Any CPU
		{34B3165D-01B2-4304-A56A-204F28400CF8}.Ad-Hoc|x64.Build.0 = Release|Any CPU
		{34B3165D-01B2-4304-A56A-204F28400CF8}.Ad-Hoc|x86.ActiveCfg = Release|Any CPU
		{34B3165D-01B2-4304-A56A-204F28400CF8}.Ad-Hoc|x86.Build.0 = Release|Any CPU
		{34B3165D-01B2-4304-A56A-204F28400CF8}.AppStore|Any CPU.ActiveCfg = Release|Any CPU
		{34B3165D-01B2-4304-A56A-204F28400CF8}.AppStore|Any CPU.Build.0 = Release|Any CPU
		{34B3165D-01B2-4304-A56A-204F28400CF8}.AppStore|ARM.ActiveCfg = Release|Any CPU
		{34B3165D-01B2-4304-A56A-204F28400CF8}.AppStore|ARM.Build.0 = Release|Any CPU
		{34B3165D-01B2-4304-A56A-204F28400CF8}.AppStore|iPhone.ActiveCfg = Release|Any CPU
		{34B3165D-01B2-4304-A56A-204F28400CF8}.AppStore|iPhone.Build.0 = Release|Any CPU
		{34B3165D-01B2-4304-A56A-204F28400CF8}.AppStore|iPhoneSimulator.ActiveCfg = Release|Any CPU
		{34B3165D-01B2-4304-A56A-204F28400CF8}.AppStore|iPhoneSimulator.Build.0 = Release|Any CPU
		{34B3165D-01B2-4304-A56A-204F28400CF8}.AppStore|x64.ActiveCfg = Release|Any CPU
		{34B3165D-01B2-4304-A56A-204F28400CF8}.AppStore|x64.Build.0 = Release|Any CPU
		{34B3165D-01B2-4304-A56A-204F28400CF8}.AppStore|x86.ActiveCfg = Release|Any CPU
		{34B3165D-01B2-4304-A56A-204F28400CF8}.AppStore|x86.Build.0 = Release|Any CPU
		{34B3165D-01B2-4304-A56A-204F28400CF8}.Debug|Any CPU.ActiveCfg = Debug|Any CPU
		{34B3165D-01B2-4304-A56A-204F28400CF8}.Debug|Any CPU.Build.0 = Debug|Any CPU
		{34B3165D-01B2-4304-A56A-204F28400CF8}.Debug|ARM.ActiveCfg = Debug|Any CPU
		{34B3165D-01B2-4304-A56A-204F28400CF8}.Debug|ARM.Build.0 = Debug|Any CPU
		{34B3165D-01B2-4304-A56A-204F28400CF8}.Debug|iPhone.ActiveCfg = Debug|Any CPU
		{34B3165D-01B2-4304-A56A-204F28400CF8}.Debug|iPhone.Build.0 = Debug|Any CPU
		{34B3165D-01B2-4304-A56A-204F28400CF8}.Debug|iPhoneSimulator.ActiveCfg = Debug|Any CPU
		{34B3165D-01B2-4304-A56A-204F28400CF8}.Debug|iPhoneSimulator.Build.0 = Debug|Any CPU
		{34B3165D-01B2-4304-A56A-204F28400CF8}.Debug|x64.ActiveCfg = Debug|Any CPU
		{34B3165D-01B2-4304-A56A-204F28400CF8}.Debug|x64.Build.0 = Debug|Any CPU
		{34B3165D-01B2-4304-A56A-204F28400CF8}.Debug|x86.ActiveCfg = Debug|Any CPU
		{34B3165D-01B2-4304-A56A-204F28400CF8}.Debug|x86.Build.0 = Debug|Any CPU
		{34B3165D-01B2-4304-A56A-204F28400CF8}.Release|Any CPU.ActiveCfg = Release|Any CPU
		{34B3165D-01B2-4304-A56A-204F28400CF8}.Release|Any CPU.Build.0 = Release|Any CPU
		{34B3165D-01B2-4304-A56A-204F28400CF8}.Release|ARM.ActiveCfg = Release|Any CPU
		{34B3165D-01B2-4304-A56A-204F28400CF8}.Release|ARM.Build.0 = Release|Any CPU
		{34B3165D-01B2-4304-A56A-204F28400CF8}.Release|iPhone.ActiveCfg = Release|Any CPU
		{34B3165D-01B2-4304-A56A-204F28400CF8}.Release|iPhone.Build.0 = Release|Any CPU
		{34B3165D-01B2-4304-A56A-204F28400CF8}.Release|iPhoneSimulator.ActiveCfg = Release|Any CPU
		{34B3165D-01B2-4304-A56A-204F28400CF8}.Release|iPhoneSimulator.Build.0 = Release|Any CPU
		{34B3165D-01B2-4304-A56A-204F28400CF8}.Release|x64.ActiveCfg = Release|Any CPU
		{34B3165D-01B2-4304-A56A-204F28400CF8}.Release|x64.Build.0 = Release|Any CPU
		{34B3165D-01B2-4304-A56A-204F28400CF8}.Release|x86.ActiveCfg = Release|Any CPU
		{34B3165D-01B2-4304-A56A-204F28400CF8}.Release|x86.Build.0 = Release|Any CPU
	EndGlobalSection
	GlobalSection(SolutionProperties) = preSolution
		HideSolutionNode = FALSE
	EndGlobalSection
	GlobalSection(NestedProjects) = preSolution
		{52CFE109-6A15-4309-9D07-E1620834FCDE} = {64BA723D-434B-471F-A664-179A8DC09480}
		{5F31A52C-FABA-46BD-8FB8-CE5121651844} = {40B726F7-FA64-4851-8034-7898BBAA4A20}
		{27BCC1B5-533B-4C0F-9E16-5C44CC23A06A} = {40B726F7-FA64-4851-8034-7898BBAA4A20}
		{D3F10823-48F9-429F-8CB3-DC335BAE3BCB} = {40B726F7-FA64-4851-8034-7898BBAA4A20}
		{DA4297F0-2D22-41DD-97BD-57BD8549A30C} = {40B726F7-FA64-4851-8034-7898BBAA4A20}
		{731FCA40-B3BB-4E46-8ABB-F361776AE797} = {40B726F7-FA64-4851-8034-7898BBAA4A20}
		{40B726F7-FA64-4851-8034-7898BBAA4A20} = {64BA723D-434B-471F-A664-179A8DC09480}
		{34B3165D-01B2-4304-A56A-204F28400CF8} = {64BA723D-434B-471F-A664-179A8DC09480}
	EndGlobalSection
EndGlobal
